// !$*UTF8*$!
{
	archiveVersion = 1;
	classes = {
	};
	objectVersion = 50;
	objects = {

/* Begin PBXBuildFile section */
		22BF51C3A5744A431D311F20 /* Pods_ImageFinderUITests.framework in Frameworks */ = {isa = PBXBuildFile; fileRef = A69C19413A0DC89FD89758C6 /* Pods_ImageFinderUITests.framework */; };
		978D154E21B20EA0003E7954 /* UICollectionViewStaggeredFlowLayout.swift in Sources */ = {isa = PBXBuildFile; fileRef = 978D154D21B20EA0003E7954 /* UICollectionViewStaggeredFlowLayout.swift */; };
		978D155021B29596003E7954 /* MockConfiguration.swift in Sources */ = {isa = PBXBuildFile; fileRef = 978D154F21B29596003E7954 /* MockConfiguration.swift */; };
		978D155421B34732003E7954 /* ViewerViewController.swift in Sources */ = {isa = PBXBuildFile; fileRef = 978D155321B34732003E7954 /* ViewerViewController.swift */; };
		978D155721B34EC2003E7954 /* Builder.swift in Sources */ = {isa = PBXBuildFile; fileRef = 978D155621B34EC2003E7954 /* Builder.swift */; };
		978D155921B34F16003E7954 /* ImageViewModel+Builder.swift in Sources */ = {isa = PBXBuildFile; fileRef = 978D155821B34F16003E7954 /* ImageViewModel+Builder.swift */; };
		978D155B21B44D3D003E7954 /* DateFormatter.swift in Sources */ = {isa = PBXBuildFile; fileRef = 978D155A21B44D3D003E7954 /* DateFormatter.swift */; };
		978D155D21B455FC003E7954 /* UserViewController.swift in Sources */ = {isa = PBXBuildFile; fileRef = 978D155C21B455FC003E7954 /* UserViewController.swift */; };
		978D155F21B5A884003E7954 /* ImageLoader.swift in Sources */ = {isa = PBXBuildFile; fileRef = 978D155E21B5A884003E7954 /* ImageLoader.swift */; };
		978D156121B5A964003E7954 /* UserDetailBuilder.swift in Sources */ = {isa = PBXBuildFile; fileRef = 978D156021B5A964003E7954 /* UserDetailBuilder.swift */; };
		978D156321B5D102003E7954 /* MessageViewModel.swift in Sources */ = {isa = PBXBuildFile; fileRef = 978D156221B5D102003E7954 /* MessageViewModel.swift */; };
		978D156721B5D161003E7954 /* MessageCollectionViewCell.swift in Sources */ = {isa = PBXBuildFile; fileRef = 978D156521B5D161003E7954 /* MessageCollectionViewCell.swift */; };
		978D156821B5D161003E7954 /* MessageCollectionViewCell.xib in Resources */ = {isa = PBXBuildFile; fileRef = 978D156621B5D161003E7954 /* MessageCollectionViewCell.xib */; };
		978D156A21B5D3A7003E7954 /* MessageSectionViewModel.swift in Sources */ = {isa = PBXBuildFile; fileRef = 978D156921B5D3A7003E7954 /* MessageSectionViewModel.swift */; };
		978D156C21B5D493003E7954 /* FailureMessageDataStep.swift in Sources */ = {isa = PBXBuildFile; fileRef = 978D156B21B5D493003E7954 /* FailureMessageDataStep.swift */; };
		978D156F21B5E33A003E7954 /* TransitionNavigationController.swift in Sources */ = {isa = PBXBuildFile; fileRef = 978D156E21B5E33A003E7954 /* TransitionNavigationController.swift */; };
		978D157221B5F2B9003E7954 /* ZoomInTransition.swift in Sources */ = {isa = PBXBuildFile; fileRef = 978D157121B5F2B9003E7954 /* ZoomInTransition.swift */; };
		978D157621B710F1003E7954 /* APIManagerTests.swift in Sources */ = {isa = PBXBuildFile; fileRef = 978D157521B710F1003E7954 /* APIManagerTests.swift */; };
		978D157921B71D07003E7954 /* DataStepTests.swift in Sources */ = {isa = PBXBuildFile; fileRef = 978D157821B71D07003E7954 /* DataStepTests.swift */; };
		97E3E7C621B86E2300984560 /* ImageMock.swift in Sources */ = {isa = PBXBuildFile; fileRef = 97E3E7C521B86E2300984560 /* ImageMock.swift */; };
		97E3E7C821B86F1300984560 /* ImageViewModelTests.swift in Sources */ = {isa = PBXBuildFile; fileRef = 97E3E7C721B86F1300984560 /* ImageViewModelTests.swift */; };
		97E3E7CA21B8797A00984560 /* Error.swift in Sources */ = {isa = PBXBuildFile; fileRef = 97E3E7C921B8797A00984560 /* Error.swift */; };
		97E3E7CD21B87E7800984560 /* ViewerContentTests.swift in Sources */ = {isa = PBXBuildFile; fileRef = 97E3E7CC21B87E7800984560 /* ViewerContentTests.swift */; };
		97EFA1AA21B073110083EE84 /* AppDelegate.swift in Sources */ = {isa = PBXBuildFile; fileRef = 97EFA1A921B073110083EE84 /* AppDelegate.swift */; };
		97EFA1AC21B073110083EE84 /* ViewController.swift in Sources */ = {isa = PBXBuildFile; fileRef = 97EFA1AB21B073110083EE84 /* ViewController.swift */; };
		97EFA1AF21B073110083EE84 /* Main.storyboard in Resources */ = {isa = PBXBuildFile; fileRef = 97EFA1AD21B073110083EE84 /* Main.storyboard */; };
		97EFA1B121B073120083EE84 /* Assets.xcassets in Resources */ = {isa = PBXBuildFile; fileRef = 97EFA1B021B073120083EE84 /* Assets.xcassets */; };
		97EFA1B421B073120083EE84 /* LaunchScreen.storyboard in Resources */ = {isa = PBXBuildFile; fileRef = 97EFA1B221B073120083EE84 /* LaunchScreen.storyboard */; };
		97EFA1CA21B073120083EE84 /* ImageFinderUITests.swift in Sources */ = {isa = PBXBuildFile; fileRef = 97EFA1C921B073120083EE84 /* ImageFinderUITests.swift */; };
		97EFA1DC21B0758A0083EE84 /* RequestManager.swift in Sources */ = {isa = PBXBuildFile; fileRef = 97EFA1DB21B0758A0083EE84 /* RequestManager.swift */; };
		97EFA1DF21B07A090083EE84 /* Image.swift in Sources */ = {isa = PBXBuildFile; fileRef = 97EFA1DE21B07A090083EE84 /* Image.swift */; };
		97EFA1E321B07D7D0083EE84 /* Configuration.swift in Sources */ = {isa = PBXBuildFile; fileRef = 97EFA1E221B07D7D0083EE84 /* Configuration.swift */; };
		97EFA1E521B0824F0083EE84 /* SearchResult.swift in Sources */ = {isa = PBXBuildFile; fileRef = 97EFA1E421B0824F0083EE84 /* SearchResult.swift */; };
		97EFA1E721B0830B0083EE84 /* User.swift in Sources */ = {isa = PBXBuildFile; fileRef = 97EFA1E621B0830B0083EE84 /* User.swift */; };
		97EFA1EB21B11E9D0083EE84 /* SearchResultsTests.swift in Sources */ = {isa = PBXBuildFile; fileRef = 97EFA1EA21B11E9D0083EE84 /* SearchResultsTests.swift */; };
		97EFA1ED21B1AD670083EE84 /* ExpandableSearchBar.swift in Sources */ = {isa = PBXBuildFile; fileRef = 97EFA1EC21B1AD670083EE84 /* ExpandableSearchBar.swift */; };
		97EFA1F021B1BAF20083EE84 /* UIColor.swift in Sources */ = {isa = PBXBuildFile; fileRef = 97EFA1EF21B1BAF20083EE84 /* UIColor.swift */; };
		97EFA1F221B1C1820083EE84 /* GradientView.swift in Sources */ = {isa = PBXBuildFile; fileRef = 97EFA1F121B1C1820083EE84 /* GradientView.swift */; };
		97EFA1F421B1C4370083EE84 /* CollectionDataSource.swift in Sources */ = {isa = PBXBuildFile; fileRef = 97EFA1F321B1C4370083EE84 /* CollectionDataSource.swift */; };
		97EFA1F821B1C5D20083EE84 /* CollectionModel.swift in Sources */ = {isa = PBXBuildFile; fileRef = 97EFA1F721B1C5D20083EE84 /* CollectionModel.swift */; };
		97EFA1FA21B1C9D60083EE84 /* Array.swift in Sources */ = {isa = PBXBuildFile; fileRef = 97EFA1F921B1C9D60083EE84 /* Array.swift */; };
		97EFA1FD21B1CDDB0083EE84 /* UnsplashCell.swift in Sources */ = {isa = PBXBuildFile; fileRef = 97EFA1FC21B1CDDB0083EE84 /* UnsplashCell.swift */; };
		97EFA1FF21B1CDFD0083EE84 /* UnsplashCell.xib in Resources */ = {isa = PBXBuildFile; fileRef = 97EFA1FE21B1CDFD0083EE84 /* UnsplashCell.xib */; };
		97EFA20321B1D5010083EE84 /* UnsplashSectionViewModel.swift in Sources */ = {isa = PBXBuildFile; fileRef = 97EFA20221B1D5010083EE84 /* UnsplashSectionViewModel.swift */; };
		97EFA20521B1D5A90083EE84 /* ImageViewModel.swift in Sources */ = {isa = PBXBuildFile; fileRef = 97EFA20421B1D5A90083EE84 /* ImageViewModel.swift */; };
		97EFA20B21B1E7A90083EE84 /* FullImage.swift in Sources */ = {isa = PBXBuildFile; fileRef = 97EFA20A21B1E7A90083EE84 /* FullImage.swift */; };
		97EFA20D21B1EBB60083EE84 /* FullImageTests.swift in Sources */ = {isa = PBXBuildFile; fileRef = 97EFA20C21B1EBB60083EE84 /* FullImageTests.swift */; };
		97EFA21021B1EF270083EE84 /* DataStep.swift in Sources */ = {isa = PBXBuildFile; fileRef = 97EFA20F21B1EF270083EE84 /* DataStep.swift */; };
		97EFA21221B1F2E00083EE84 /* ImageLoadStep.swift in Sources */ = {isa = PBXBuildFile; fileRef = 97EFA21121B1F2E00083EE84 /* ImageLoadStep.swift */; };
		97EFA21421B1F8050083EE84 /* DataSourceStep.swift in Sources */ = {isa = PBXBuildFile; fileRef = 97EFA21321B1F8050083EE84 /* DataSourceStep.swift */; };
		97EFA21621B1FC040083EE84 /* FullImageLoaderStep.swift in Sources */ = {isa = PBXBuildFile; fileRef = 97EFA21521B1FC040083EE84 /* FullImageLoaderStep.swift */; };
		C2D01D9028CECFED86117FF3 /* Pods_ImageFinder.framework in Frameworks */ = {isa = PBXBuildFile; fileRef = EF6169EFF1347D23F19445B9 /* Pods_ImageFinder.framework */; };
		F252EDBEA5F33EF865828385 /* Pods_ImageFinderTests.framework in Frameworks */ = {isa = PBXBuildFile; fileRef = 252FAFCDAC1A8BC683FB88F2 /* Pods_ImageFinderTests.framework */; };
/* End PBXBuildFile section */

/* Begin PBXContainerItemProxy section */
		97EFA1BB21B073120083EE84 /* PBXContainerItemProxy */ = {
			isa = PBXContainerItemProxy;
			containerPortal = 97EFA19E21B073110083EE84 /* Project object */;
			proxyType = 1;
			remoteGlobalIDString = 97EFA1A521B073110083EE84;
			remoteInfo = ImageFinder;
		};
		97EFA1C621B073120083EE84 /* PBXContainerItemProxy */ = {
			isa = PBXContainerItemProxy;
			containerPortal = 97EFA19E21B073110083EE84 /* Project object */;
			proxyType = 1;
			remoteGlobalIDString = 97EFA1A521B073110083EE84;
			remoteInfo = ImageFinder;
		};
/* End PBXContainerItemProxy section */

/* Begin PBXFileReference section */
		252FAFCDAC1A8BC683FB88F2 /* Pods_ImageFinderTests.framework */ = {isa = PBXFileReference; explicitFileType = wrapper.framework; includeInIndex = 0; path = Pods_ImageFinderTests.framework; sourceTree = BUILT_PRODUCTS_DIR; };
		978D154D21B20EA0003E7954 /* UICollectionViewStaggeredFlowLayout.swift */ = {isa = PBXFileReference; lastKnownFileType = sourcecode.swift; path = UICollectionViewStaggeredFlowLayout.swift; sourceTree = "<group>"; };
		978D154F21B29596003E7954 /* MockConfiguration.swift */ = {isa = PBXFileReference; lastKnownFileType = sourcecode.swift; path = MockConfiguration.swift; sourceTree = "<group>"; };
		978D155321B34732003E7954 /* ViewerViewController.swift */ = {isa = PBXFileReference; lastKnownFileType = sourcecode.swift; path = ViewerViewController.swift; sourceTree = "<group>"; };
		978D155621B34EC2003E7954 /* Builder.swift */ = {isa = PBXFileReference; lastKnownFileType = sourcecode.swift; path = Builder.swift; sourceTree = "<group>"; };
		978D155821B34F16003E7954 /* ImageViewModel+Builder.swift */ = {isa = PBXFileReference; lastKnownFileType = sourcecode.swift; path = "ImageViewModel+Builder.swift"; sourceTree = "<group>"; };
		978D155A21B44D3D003E7954 /* DateFormatter.swift */ = {isa = PBXFileReference; lastKnownFileType = sourcecode.swift; path = DateFormatter.swift; sourceTree = "<group>"; };
		978D155C21B455FC003E7954 /* UserViewController.swift */ = {isa = PBXFileReference; lastKnownFileType = sourcecode.swift; path = UserViewController.swift; sourceTree = "<group>"; };
		978D155E21B5A884003E7954 /* ImageLoader.swift */ = {isa = PBXFileReference; lastKnownFileType = sourcecode.swift; path = ImageLoader.swift; sourceTree = "<group>"; };
		978D156021B5A964003E7954 /* UserDetailBuilder.swift */ = {isa = PBXFileReference; lastKnownFileType = sourcecode.swift; path = UserDetailBuilder.swift; sourceTree = "<group>"; };
		978D156221B5D102003E7954 /* MessageViewModel.swift */ = {isa = PBXFileReference; lastKnownFileType = sourcecode.swift; path = MessageViewModel.swift; sourceTree = "<group>"; };
		978D156521B5D161003E7954 /* MessageCollectionViewCell.swift */ = {isa = PBXFileReference; lastKnownFileType = sourcecode.swift; path = MessageCollectionViewCell.swift; sourceTree = "<group>"; };
		978D156621B5D161003E7954 /* MessageCollectionViewCell.xib */ = {isa = PBXFileReference; lastKnownFileType = file.xib; path = MessageCollectionViewCell.xib; sourceTree = "<group>"; };
		978D156921B5D3A7003E7954 /* MessageSectionViewModel.swift */ = {isa = PBXFileReference; lastKnownFileType = sourcecode.swift; path = MessageSectionViewModel.swift; sourceTree = "<group>"; };
		978D156B21B5D493003E7954 /* FailureMessageDataStep.swift */ = {isa = PBXFileReference; lastKnownFileType = sourcecode.swift; path = FailureMessageDataStep.swift; sourceTree = "<group>"; };
		978D156E21B5E33A003E7954 /* TransitionNavigationController.swift */ = {isa = PBXFileReference; lastKnownFileType = sourcecode.swift; path = TransitionNavigationController.swift; sourceTree = "<group>"; };
		978D157121B5F2B9003E7954 /* ZoomInTransition.swift */ = {isa = PBXFileReference; lastKnownFileType = sourcecode.swift; path = ZoomInTransition.swift; sourceTree = "<group>"; };
		978D157521B710F1003E7954 /* APIManagerTests.swift */ = {isa = PBXFileReference; lastKnownFileType = sourcecode.swift; path = APIManagerTests.swift; sourceTree = "<group>"; };
		978D157821B71D07003E7954 /* DataStepTests.swift */ = {isa = PBXFileReference; lastKnownFileType = sourcecode.swift; path = DataStepTests.swift; sourceTree = "<group>"; };
		97E3E7C521B86E2300984560 /* ImageMock.swift */ = {isa = PBXFileReference; lastKnownFileType = sourcecode.swift; path = ImageMock.swift; sourceTree = "<group>"; };
		97E3E7C721B86F1300984560 /* ImageViewModelTests.swift */ = {isa = PBXFileReference; lastKnownFileType = sourcecode.swift; path = ImageViewModelTests.swift; sourceTree = "<group>"; };
		97E3E7C921B8797A00984560 /* Error.swift */ = {isa = PBXFileReference; lastKnownFileType = sourcecode.swift; path = Error.swift; sourceTree = "<group>"; };
		97E3E7CC21B87E7800984560 /* ViewerContentTests.swift */ = {isa = PBXFileReference; lastKnownFileType = sourcecode.swift; path = ViewerContentTests.swift; sourceTree = "<group>"; };
		97EFA1A621B073110083EE84 /* ImageFinder.app */ = {isa = PBXFileReference; explicitFileType = wrapper.application; includeInIndex = 0; path = ImageFinder.app; sourceTree = BUILT_PRODUCTS_DIR; };
		97EFA1A921B073110083EE84 /* AppDelegate.swift */ = {isa = PBXFileReference; lastKnownFileType = sourcecode.swift; path = AppDelegate.swift; sourceTree = "<group>"; };
		97EFA1AB21B073110083EE84 /* ViewController.swift */ = {isa = PBXFileReference; lastKnownFileType = sourcecode.swift; path = ViewController.swift; sourceTree = "<group>"; };
		97EFA1AE21B073110083EE84 /* Base */ = {isa = PBXFileReference; lastKnownFileType = file.storyboard; name = Base; path = Base.lproj/Main.storyboard; sourceTree = "<group>"; };
		97EFA1B021B073120083EE84 /* Assets.xcassets */ = {isa = PBXFileReference; lastKnownFileType = folder.assetcatalog; path = Assets.xcassets; sourceTree = "<group>"; };
		97EFA1B321B073120083EE84 /* Base */ = {isa = PBXFileReference; lastKnownFileType = file.storyboard; name = Base; path = Base.lproj/LaunchScreen.storyboard; sourceTree = "<group>"; };
		97EFA1B521B073120083EE84 /* Info.plist */ = {isa = PBXFileReference; lastKnownFileType = text.plist.xml; path = Info.plist; sourceTree = "<group>"; };
		97EFA1BA21B073120083EE84 /* ImageFinderTests.xctest */ = {isa = PBXFileReference; explicitFileType = wrapper.cfbundle; includeInIndex = 0; path = ImageFinderTests.xctest; sourceTree = BUILT_PRODUCTS_DIR; };
		97EFA1C021B073120083EE84 /* Info.plist */ = {isa = PBXFileReference; lastKnownFileType = text.plist.xml; path = Info.plist; sourceTree = "<group>"; };
		97EFA1C521B073120083EE84 /* ImageFinderUITests.xctest */ = {isa = PBXFileReference; explicitFileType = wrapper.cfbundle; includeInIndex = 0; path = ImageFinderUITests.xctest; sourceTree = BUILT_PRODUCTS_DIR; };
		97EFA1C921B073120083EE84 /* ImageFinderUITests.swift */ = {isa = PBXFileReference; lastKnownFileType = sourcecode.swift; path = ImageFinderUITests.swift; sourceTree = "<group>"; };
		97EFA1CB21B073120083EE84 /* Info.plist */ = {isa = PBXFileReference; lastKnownFileType = text.plist.xml; path = Info.plist; sourceTree = "<group>"; };
		97EFA1DB21B0758A0083EE84 /* RequestManager.swift */ = {isa = PBXFileReference; lastKnownFileType = sourcecode.swift; path = RequestManager.swift; sourceTree = "<group>"; };
		97EFA1DE21B07A090083EE84 /* Image.swift */ = {isa = PBXFileReference; lastKnownFileType = sourcecode.swift; path = Image.swift; sourceTree = "<group>"; };
		97EFA1E221B07D7D0083EE84 /* Configuration.swift */ = {isa = PBXFileReference; lastKnownFileType = sourcecode.swift; path = Configuration.swift; sourceTree = "<group>"; };
		97EFA1E421B0824F0083EE84 /* SearchResult.swift */ = {isa = PBXFileReference; lastKnownFileType = sourcecode.swift; path = SearchResult.swift; sourceTree = "<group>"; };
		97EFA1E621B0830B0083EE84 /* User.swift */ = {isa = PBXFileReference; lastKnownFileType = sourcecode.swift; path = User.swift; sourceTree = "<group>"; };
		97EFA1EA21B11E9D0083EE84 /* SearchResultsTests.swift */ = {isa = PBXFileReference; lastKnownFileType = sourcecode.swift; path = SearchResultsTests.swift; sourceTree = "<group>"; };
		97EFA1EC21B1AD670083EE84 /* ExpandableSearchBar.swift */ = {isa = PBXFileReference; lastKnownFileType = sourcecode.swift; path = ExpandableSearchBar.swift; sourceTree = "<group>"; };
		97EFA1EF21B1BAF20083EE84 /* UIColor.swift */ = {isa = PBXFileReference; lastKnownFileType = sourcecode.swift; path = UIColor.swift; sourceTree = "<group>"; };
		97EFA1F121B1C1820083EE84 /* GradientView.swift */ = {isa = PBXFileReference; lastKnownFileType = sourcecode.swift; path = GradientView.swift; sourceTree = "<group>"; };
		97EFA1F321B1C4370083EE84 /* CollectionDataSource.swift */ = {isa = PBXFileReference; lastKnownFileType = sourcecode.swift; path = CollectionDataSource.swift; sourceTree = "<group>"; };
		97EFA1F721B1C5D20083EE84 /* CollectionModel.swift */ = {isa = PBXFileReference; lastKnownFileType = sourcecode.swift; path = CollectionModel.swift; sourceTree = "<group>"; };
		97EFA1F921B1C9D60083EE84 /* Array.swift */ = {isa = PBXFileReference; lastKnownFileType = sourcecode.swift; path = Array.swift; sourceTree = "<group>"; };
		97EFA1FC21B1CDDB0083EE84 /* UnsplashCell.swift */ = {isa = PBXFileReference; lastKnownFileType = sourcecode.swift; path = UnsplashCell.swift; sourceTree = "<group>"; };
		97EFA1FE21B1CDFD0083EE84 /* UnsplashCell.xib */ = {isa = PBXFileReference; lastKnownFileType = file.xib; path = UnsplashCell.xib; sourceTree = "<group>"; };
		97EFA20221B1D5010083EE84 /* UnsplashSectionViewModel.swift */ = {isa = PBXFileReference; lastKnownFileType = sourcecode.swift; path = UnsplashSectionViewModel.swift; sourceTree = "<group>"; };
		97EFA20421B1D5A90083EE84 /* ImageViewModel.swift */ = {isa = PBXFileReference; lastKnownFileType = sourcecode.swift; path = ImageViewModel.swift; sourceTree = "<group>"; };
		97EFA20A21B1E7A90083EE84 /* FullImage.swift */ = {isa = PBXFileReference; lastKnownFileType = sourcecode.swift; path = FullImage.swift; sourceTree = "<group>"; };
		97EFA20C21B1EBB60083EE84 /* FullImageTests.swift */ = {isa = PBXFileReference; lastKnownFileType = sourcecode.swift; path = FullImageTests.swift; sourceTree = "<group>"; };
		97EFA20F21B1EF270083EE84 /* DataStep.swift */ = {isa = PBXFileReference; lastKnownFileType = sourcecode.swift; path = DataStep.swift; sourceTree = "<group>"; };
		97EFA21121B1F2E00083EE84 /* ImageLoadStep.swift */ = {isa = PBXFileReference; lastKnownFileType = sourcecode.swift; path = ImageLoadStep.swift; sourceTree = "<group>"; };
		97EFA21321B1F8050083EE84 /* DataSourceStep.swift */ = {isa = PBXFileReference; lastKnownFileType = sourcecode.swift; path = DataSourceStep.swift; sourceTree = "<group>"; };
		97EFA21521B1FC040083EE84 /* FullImageLoaderStep.swift */ = {isa = PBXFileReference; lastKnownFileType = sourcecode.swift; name = FullImageLoaderStep.swift; path = ImageFinder/Model/CollectionModel/DataPipeline/FullImageLoaderStep.swift; sourceTree = SOURCE_ROOT; };
		A2A660EEE85EAEEDA529C80E /* Pods-ImageFinderUITests.debug.xcconfig */ = {isa = PBXFileReference; includeInIndex = 1; lastKnownFileType = text.xcconfig; name = "Pods-ImageFinderUITests.debug.xcconfig"; path = "Pods/Target Support Files/Pods-ImageFinderUITests/Pods-ImageFinderUITests.debug.xcconfig"; sourceTree = "<group>"; };
		A69C19413A0DC89FD89758C6 /* Pods_ImageFinderUITests.framework */ = {isa = PBXFileReference; explicitFileType = wrapper.framework; includeInIndex = 0; path = Pods_ImageFinderUITests.framework; sourceTree = BUILT_PRODUCTS_DIR; };
		AA4484E97CC405AAF7E8213C /* Pods-ImageFinderTests.debug.xcconfig */ = {isa = PBXFileReference; includeInIndex = 1; lastKnownFileType = text.xcconfig; name = "Pods-ImageFinderTests.debug.xcconfig"; path = "Pods/Target Support Files/Pods-ImageFinderTests/Pods-ImageFinderTests.debug.xcconfig"; sourceTree = "<group>"; };
		AAC7114900D6FA6B2634CAB1 /* Pods-ImageFinder.release.xcconfig */ = {isa = PBXFileReference; includeInIndex = 1; lastKnownFileType = text.xcconfig; name = "Pods-ImageFinder.release.xcconfig"; path = "Pods/Target Support Files/Pods-ImageFinder/Pods-ImageFinder.release.xcconfig"; sourceTree = "<group>"; };
		BB07D38FB38BCD700FEF64DA /* Pods-ImageFinderTests.release.xcconfig */ = {isa = PBXFileReference; includeInIndex = 1; lastKnownFileType = text.xcconfig; name = "Pods-ImageFinderTests.release.xcconfig"; path = "Pods/Target Support Files/Pods-ImageFinderTests/Pods-ImageFinderTests.release.xcconfig"; sourceTree = "<group>"; };
		BB5DB73EAAC4CC89D0B7A41A /* Pods-ImageFinderUITests.release.xcconfig */ = {isa = PBXFileReference; includeInIndex = 1; lastKnownFileType = text.xcconfig; name = "Pods-ImageFinderUITests.release.xcconfig"; path = "Pods/Target Support Files/Pods-ImageFinderUITests/Pods-ImageFinderUITests.release.xcconfig"; sourceTree = "<group>"; };
		C8B453E55AD9762BECB96D21 /* Pods-ImageFinder.debug.xcconfig */ = {isa = PBXFileReference; includeInIndex = 1; lastKnownFileType = text.xcconfig; name = "Pods-ImageFinder.debug.xcconfig"; path = "Pods/Target Support Files/Pods-ImageFinder/Pods-ImageFinder.debug.xcconfig"; sourceTree = "<group>"; };
		EF6169EFF1347D23F19445B9 /* Pods_ImageFinder.framework */ = {isa = PBXFileReference; explicitFileType = wrapper.framework; includeInIndex = 0; path = Pods_ImageFinder.framework; sourceTree = BUILT_PRODUCTS_DIR; };
/* End PBXFileReference section */

/* Begin PBXFrameworksBuildPhase section */
		97EFA1A321B073110083EE84 /* Frameworks */ = {
			isa = PBXFrameworksBuildPhase;
			buildActionMask = 2147483647;
			files = (
				C2D01D9028CECFED86117FF3 /* Pods_ImageFinder.framework in Frameworks */,
			);
			runOnlyForDeploymentPostprocessing = 0;
		};
		97EFA1B721B073120083EE84 /* Frameworks */ = {
			isa = PBXFrameworksBuildPhase;
			buildActionMask = 2147483647;
			files = (
				F252EDBEA5F33EF865828385 /* Pods_ImageFinderTests.framework in Frameworks */,
			);
			runOnlyForDeploymentPostprocessing = 0;
		};
		97EFA1C221B073120083EE84 /* Frameworks */ = {
			isa = PBXFrameworksBuildPhase;
			buildActionMask = 2147483647;
			files = (
				22BF51C3A5744A431D311F20 /* Pods_ImageFinderUITests.framework in Frameworks */,
			);
			runOnlyForDeploymentPostprocessing = 0;
		};
/* End PBXFrameworksBuildPhase section */

/* Begin PBXGroup section */
		7E507443C14620B9A9164531 /* Frameworks */ = {
			isa = PBXGroup;
			children = (
				EF6169EFF1347D23F19445B9 /* Pods_ImageFinder.framework */,
				252FAFCDAC1A8BC683FB88F2 /* Pods_ImageFinderTests.framework */,
				A69C19413A0DC89FD89758C6 /* Pods_ImageFinderUITests.framework */,
			);
			name = Frameworks;
			sourceTree = "<group>";
		};
		978D155521B34A90003E7954 /* Builder */ = {
			isa = PBXGroup;
			children = (
				978D155621B34EC2003E7954 /* Builder.swift */,
				978D155821B34F16003E7954 /* ImageViewModel+Builder.swift */,
				978D156021B5A964003E7954 /* UserDetailBuilder.swift */,
			);
			path = Builder;
			sourceTree = "<group>";
		};
		978D156421B5D141003E7954 /* MessageCell */ = {
			isa = PBXGroup;
			children = (
				978D156521B5D161003E7954 /* MessageCollectionViewCell.swift */,
				978D156621B5D161003E7954 /* MessageCollectionViewCell.xib */,
			);
			path = MessageCell;
			sourceTree = "<group>";
		};
		978D157021B5F2A9003E7954 /* Transitions */ = {
			isa = PBXGroup;
			children = (
				978D157121B5F2B9003E7954 /* ZoomInTransition.swift */,
			);
			path = Transitions;
			sourceTree = "<group>";
		};
		978D157321B70FB5003E7954 /* Parsing */ = {
			isa = PBXGroup;
			children = (
				97EFA1EA21B11E9D0083EE84 /* SearchResultsTests.swift */,
				97EFA20C21B1EBB60083EE84 /* FullImageTests.swift */,
			);
			path = Parsing;
			sourceTree = "<group>";
		};
		978D157421B710D8003E7954 /* APIManager */ = {
			isa = PBXGroup;
			children = (
				978D157521B710F1003E7954 /* APIManagerTests.swift */,
			);
			path = APIManager;
			sourceTree = "<group>";
		};
		978D157721B71CEC003E7954 /* DataStep */ = {
			isa = PBXGroup;
			children = (
				978D157821B71D07003E7954 /* DataStepTests.swift */,
				97E3E7C721B86F1300984560 /* ImageViewModelTests.swift */,
			);
			path = DataStep;
			sourceTree = "<group>";
		};
		97E3E7C421B86E0900984560 /* Mocks */ = {
			isa = PBXGroup;
			children = (
				97E3E7C521B86E2300984560 /* ImageMock.swift */,
			);
			path = Mocks;
			sourceTree = "<group>";
		};
		97E3E7CB21B87E5D00984560 /* ViewerTests */ = {
			isa = PBXGroup;
			children = (
				97E3E7CC21B87E7800984560 /* ViewerContentTests.swift */,
			);
			path = ViewerTests;
			sourceTree = "<group>";
		};
		97EFA19D21B073110083EE84 = {
			isa = PBXGroup;
			children = (
				97EFA1A821B073110083EE84 /* ImageFinder */,
				97EFA1BD21B073120083EE84 /* ImageFinderTests */,
				97EFA1C821B073120083EE84 /* ImageFinderUITests */,
				97EFA1A721B073110083EE84 /* Products */,
				F1117A09FF213F9EC284935A /* Pods */,
				7E507443C14620B9A9164531 /* Frameworks */,
			);
			sourceTree = "<group>";
		};
		97EFA1A721B073110083EE84 /* Products */ = {
			isa = PBXGroup;
			children = (
				97EFA1A621B073110083EE84 /* ImageFinder.app */,
				97EFA1BA21B073120083EE84 /* ImageFinderTests.xctest */,
				97EFA1C521B073120083EE84 /* ImageFinderUITests.xctest */,
			);
			name = Products;
			sourceTree = "<group>";
		};
		97EFA1A821B073110083EE84 /* ImageFinder */ = {
			isa = PBXGroup;
			children = (
				97EFA1A921B073110083EE84 /* AppDelegate.swift */,
				97EFA1D721B074F70083EE84 /* Model */,
				97EFA1D921B075040083EE84 /* ViewController */,
				97EFA1D821B074FE0083EE84 /* View */,
				97EFA1EE21B1BAE30083EE84 /* Utils */,
				97EFA1AD21B073110083EE84 /* Main.storyboard */,
				97EFA1B021B073120083EE84 /* Assets.xcassets */,
				97EFA1B221B073120083EE84 /* LaunchScreen.storyboard */,
				97EFA1B521B073120083EE84 /* Info.plist */,
			);
			path = ImageFinder;
			sourceTree = "<group>";
		};
		97EFA1BD21B073120083EE84 /* ImageFinderTests */ = {
			isa = PBXGroup;
			children = (
				97EFA1C021B073120083EE84 /* Info.plist */,
				97E3E7C421B86E0900984560 /* Mocks */,
				97E3E7CB21B87E5D00984560 /* ViewerTests */,
				978D157721B71CEC003E7954 /* DataStep */,
				978D157421B710D8003E7954 /* APIManager */,
				978D157321B70FB5003E7954 /* Parsing */,
			);
			path = ImageFinderTests;
			sourceTree = "<group>";
		};
		97EFA1C821B073120083EE84 /* ImageFinderUITests */ = {
			isa = PBXGroup;
			children = (
				97EFA1C921B073120083EE84 /* ImageFinderUITests.swift */,
				97EFA1CB21B073120083EE84 /* Info.plist */,
			);
			path = ImageFinderUITests;
			sourceTree = "<group>";
		};
		97EFA1D721B074F70083EE84 /* Model */ = {
			isa = PBXGroup;
			children = (
				978D155521B34A90003E7954 /* Builder */,
				97EFA1F521B1C43B0083EE84 /* CollectionModel */,
				97EFA1DD21B079F00083EE84 /* BusinessResources */,
				97EFA1DA21B0750D0083EE84 /* API */,
			);
			path = Model;
			sourceTree = "<group>";
		};
		97EFA1D821B074FE0083EE84 /* View */ = {
			isa = PBXGroup;
			children = (
				978D157021B5F2A9003E7954 /* Transitions */,
				978D156421B5D141003E7954 /* MessageCell */,
				97EFA20021B1CE6F0083EE84 /* UnsplashCell */,
				97EFA1EC21B1AD670083EE84 /* ExpandableSearchBar.swift */,
				97EFA1F121B1C1820083EE84 /* GradientView.swift */,
			);
			path = View;
			sourceTree = "<group>";
		};
		97EFA1D921B075040083EE84 /* ViewController */ = {
			isa = PBXGroup;
			children = (
				97EFA1AB21B073110083EE84 /* ViewController.swift */,
				978D155321B34732003E7954 /* ViewerViewController.swift */,
				978D155C21B455FC003E7954 /* UserViewController.swift */,
				978D156E21B5E33A003E7954 /* TransitionNavigationController.swift */,
			);
			path = ViewController;
			sourceTree = "<group>";
		};
		97EFA1DA21B0750D0083EE84 /* API */ = {
			isa = PBXGroup;
			children = (
				97EFA1DB21B0758A0083EE84 /* RequestManager.swift */,
				97EFA1E221B07D7D0083EE84 /* Configuration.swift */,
				978D154F21B29596003E7954 /* MockConfiguration.swift */,
			);
			path = API;
			sourceTree = "<group>";
		};
		97EFA1DD21B079F00083EE84 /* BusinessResources */ = {
			isa = PBXGroup;
			children = (
				97EFA1DE21B07A090083EE84 /* Image.swift */,
				97EFA20A21B1E7A90083EE84 /* FullImage.swift */,
				97EFA1E421B0824F0083EE84 /* SearchResult.swift */,
				97EFA1E621B0830B0083EE84 /* User.swift */,
			);
			path = BusinessResources;
			sourceTree = "<group>";
		};
		97EFA1EE21B1BAE30083EE84 /* Utils */ = {
			isa = PBXGroup;
			children = (
				97EFA1EF21B1BAF20083EE84 /* UIColor.swift */,
				97EFA1F921B1C9D60083EE84 /* Array.swift */,
				978D155A21B44D3D003E7954 /* DateFormatter.swift */,
				978D155E21B5A884003E7954 /* ImageLoader.swift */,
				97E3E7C921B8797A00984560 /* Error.swift */,
			);
			path = Utils;
			sourceTree = "<group>";
		};
		97EFA1F521B1C43B0083EE84 /* CollectionModel */ = {
			isa = PBXGroup;
			children = (
				97EFA20E21B1EF0B0083EE84 /* DataPipeline */,
				97EFA20121B1D4E40083EE84 /* ViewModels */,
				97EFA1FB21B1CD2C0083EE84 /* DataSource */,
				978D154D21B20EA0003E7954 /* UICollectionViewStaggeredFlowLayout.swift */,
			);
			path = CollectionModel;
			sourceTree = "<group>";
		};
		97EFA1FB21B1CD2C0083EE84 /* DataSource */ = {
			isa = PBXGroup;
			children = (
				97EFA1F721B1C5D20083EE84 /* CollectionModel.swift */,
				97EFA1F321B1C4370083EE84 /* CollectionDataSource.swift */,
			);
			path = DataSource;
			sourceTree = "<group>";
		};
		97EFA20021B1CE6F0083EE84 /* UnsplashCell */ = {
			isa = PBXGroup;
			children = (
				97EFA1FC21B1CDDB0083EE84 /* UnsplashCell.swift */,
				97EFA1FE21B1CDFD0083EE84 /* UnsplashCell.xib */,
			);
			path = UnsplashCell;
			sourceTree = "<group>";
		};
		97EFA20121B1D4E40083EE84 /* ViewModels */ = {
			isa = PBXGroup;
			children = (
				97EFA20221B1D5010083EE84 /* UnsplashSectionViewModel.swift */,
				97EFA20421B1D5A90083EE84 /* ImageViewModel.swift */,
				978D156921B5D3A7003E7954 /* MessageSectionViewModel.swift */,
				978D156221B5D102003E7954 /* MessageViewModel.swift */,
			);
			path = ViewModels;
			sourceTree = "<group>";
		};
		97EFA20E21B1EF0B0083EE84 /* DataPipeline */ = {
			isa = PBXGroup;
			children = (
				97EFA20F21B1EF270083EE84 /* DataStep.swift */,
				97EFA21321B1F8050083EE84 /* DataSourceStep.swift */,
				97EFA21121B1F2E00083EE84 /* ImageLoadStep.swift */,
				97EFA21521B1FC040083EE84 /* FullImageLoaderStep.swift */,
				978D156B21B5D493003E7954 /* FailureMessageDataStep.swift */,
			);
			path = DataPipeline;
			sourceTree = "<group>";
		};
		F1117A09FF213F9EC284935A /* Pods */ = {
			isa = PBXGroup;
			children = (
				C8B453E55AD9762BECB96D21 /* Pods-ImageFinder.debug.xcconfig */,
				AAC7114900D6FA6B2634CAB1 /* Pods-ImageFinder.release.xcconfig */,
				AA4484E97CC405AAF7E8213C /* Pods-ImageFinderTests.debug.xcconfig */,
				BB07D38FB38BCD700FEF64DA /* Pods-ImageFinderTests.release.xcconfig */,
				A2A660EEE85EAEEDA529C80E /* Pods-ImageFinderUITests.debug.xcconfig */,
				BB5DB73EAAC4CC89D0B7A41A /* Pods-ImageFinderUITests.release.xcconfig */,
			);
			name = Pods;
			sourceTree = "<group>";
		};
/* End PBXGroup section */

/* Begin PBXNativeTarget section */
		97EFA1A521B073110083EE84 /* ImageFinder */ = {
			isa = PBXNativeTarget;
			buildConfigurationList = 97EFA1CE21B073120083EE84 /* Build configuration list for PBXNativeTarget "ImageFinder" */;
			buildPhases = (
				957B2D381E563D2D004EB6B7 /* [CP] Check Pods Manifest.lock */,
				97EFA1A221B073110083EE84 /* Sources */,
				97EFA1A321B073110083EE84 /* Frameworks */,
				97EFA1A421B073110083EE84 /* Resources */,
				E0FFCEA349F031FAD4C51497 /* [CP] Embed Pods Frameworks */,
			);
			buildRules = (
			);
			dependencies = (
			);
			name = ImageFinder;
			productName = ImageFinder;
			productReference = 97EFA1A621B073110083EE84 /* ImageFinder.app */;
			productType = "com.apple.product-type.application";
		};
		97EFA1B921B073120083EE84 /* ImageFinderTests */ = {
			isa = PBXNativeTarget;
			buildConfigurationList = 97EFA1D121B073120083EE84 /* Build configuration list for PBXNativeTarget "ImageFinderTests" */;
			buildPhases = (
				B8F26D115432DC2B1D02470F /* [CP] Check Pods Manifest.lock */,
				97EFA1B621B073120083EE84 /* Sources */,
				97EFA1B721B073120083EE84 /* Frameworks */,
				97EFA1B821B073120083EE84 /* Resources */,
			);
			buildRules = (
			);
			dependencies = (
				97EFA1BC21B073120083EE84 /* PBXTargetDependency */,
			);
			name = ImageFinderTests;
			productName = ImageFinderTests;
			productReference = 97EFA1BA21B073120083EE84 /* ImageFinderTests.xctest */;
			productType = "com.apple.product-type.bundle.unit-test";
		};
		97EFA1C421B073120083EE84 /* ImageFinderUITests */ = {
			isa = PBXNativeTarget;
			buildConfigurationList = 97EFA1D421B073120083EE84 /* Build configuration list for PBXNativeTarget "ImageFinderUITests" */;
			buildPhases = (
				2E3BC52CB2FA7F64A448706A /* [CP] Check Pods Manifest.lock */,
				97EFA1C121B073120083EE84 /* Sources */,
				97EFA1C221B073120083EE84 /* Frameworks */,
				97EFA1C321B073120083EE84 /* Resources */,
			);
			buildRules = (
			);
			dependencies = (
				97EFA1C721B073120083EE84 /* PBXTargetDependency */,
			);
			name = ImageFinderUITests;
			productName = ImageFinderUITests;
			productReference = 97EFA1C521B073120083EE84 /* ImageFinderUITests.xctest */;
			productType = "com.apple.product-type.bundle.ui-testing";
		};
/* End PBXNativeTarget section */

/* Begin PBXProject section */
		97EFA19E21B073110083EE84 /* Project object */ = {
			isa = PBXProject;
			attributes = {
				LastSwiftUpdateCheck = 1010;
				LastUpgradeCheck = 1010;
				ORGANIZATIONNAME = "Andrea Altea";
				TargetAttributes = {
					97EFA1A521B073110083EE84 = {
						CreatedOnToolsVersion = 10.1;
					};
					97EFA1B921B073120083EE84 = {
						CreatedOnToolsVersion = 10.1;
						TestTargetID = 97EFA1A521B073110083EE84;
					};
					97EFA1C421B073120083EE84 = {
						CreatedOnToolsVersion = 10.1;
						TestTargetID = 97EFA1A521B073110083EE84;
					};
				};
			};
			buildConfigurationList = 97EFA1A121B073110083EE84 /* Build configuration list for PBXProject "ImageFinder" */;
			compatibilityVersion = "Xcode 9.3";
			developmentRegion = en;
			hasScannedForEncodings = 0;
			knownRegions = (
				en,
				Base,
			);
			mainGroup = 97EFA19D21B073110083EE84;
			productRefGroup = 97EFA1A721B073110083EE84 /* Products */;
			projectDirPath = "";
			projectRoot = "";
			targets = (
				97EFA1A521B073110083EE84 /* ImageFinder */,
				97EFA1B921B073120083EE84 /* ImageFinderTests */,
				97EFA1C421B073120083EE84 /* ImageFinderUITests */,
			);
		};
/* End PBXProject section */

/* Begin PBXResourcesBuildPhase section */
		97EFA1A421B073110083EE84 /* Resources */ = {
			isa = PBXResourcesBuildPhase;
			buildActionMask = 2147483647;
			files = (
				97EFA1B421B073120083EE84 /* LaunchScreen.storyboard in Resources */,
				97EFA1B121B073120083EE84 /* Assets.xcassets in Resources */,
				97EFA1AF21B073110083EE84 /* Main.storyboard in Resources */,
				97EFA1FF21B1CDFD0083EE84 /* UnsplashCell.xib in Resources */,
				978D156821B5D161003E7954 /* MessageCollectionViewCell.xib in Resources */,
			);
			runOnlyForDeploymentPostprocessing = 0;
		};
		97EFA1B821B073120083EE84 /* Resources */ = {
			isa = PBXResourcesBuildPhase;
			buildActionMask = 2147483647;
			files = (
			);
			runOnlyForDeploymentPostprocessing = 0;
		};
		97EFA1C321B073120083EE84 /* Resources */ = {
			isa = PBXResourcesBuildPhase;
			buildActionMask = 2147483647;
			files = (
			);
			runOnlyForDeploymentPostprocessing = 0;
		};
/* End PBXResourcesBuildPhase section */

/* Begin PBXShellScriptBuildPhase section */
		2E3BC52CB2FA7F64A448706A /* [CP] Check Pods Manifest.lock */ = {
			isa = PBXShellScriptBuildPhase;
			buildActionMask = 2147483647;
			files = (
			);
			inputFileListPaths = (
			);
			inputPaths = (
				"${PODS_PODFILE_DIR_PATH}/Podfile.lock",
				"${PODS_ROOT}/Manifest.lock",
			);
			name = "[CP] Check Pods Manifest.lock";
			outputFileListPaths = (
			);
			outputPaths = (
				"$(DERIVED_FILE_DIR)/Pods-ImageFinderUITests-checkManifestLockResult.txt",
			);
			runOnlyForDeploymentPostprocessing = 0;
			shellPath = /bin/sh;
			shellScript = "diff \"${PODS_PODFILE_DIR_PATH}/Podfile.lock\" \"${PODS_ROOT}/Manifest.lock\" > /dev/null\nif [ $? != 0 ] ; then\n    # print error to STDERR\n    echo \"error: The sandbox is not in sync with the Podfile.lock. Run 'pod install' or update your CocoaPods installation.\" >&2\n    exit 1\nfi\n# This output is used by Xcode 'outputs' to avoid re-running this script phase.\necho \"SUCCESS\" > \"${SCRIPT_OUTPUT_FILE_0}\"\n";
			showEnvVarsInLog = 0;
		};
		957B2D381E563D2D004EB6B7 /* [CP] Check Pods Manifest.lock */ = {
			isa = PBXShellScriptBuildPhase;
			buildActionMask = 2147483647;
			files = (
			);
			inputFileListPaths = (
			);
			inputPaths = (
				"${PODS_PODFILE_DIR_PATH}/Podfile.lock",
				"${PODS_ROOT}/Manifest.lock",
			);
			name = "[CP] Check Pods Manifest.lock";
			outputFileListPaths = (
			);
			outputPaths = (
				"$(DERIVED_FILE_DIR)/Pods-ImageFinder-checkManifestLockResult.txt",
			);
			runOnlyForDeploymentPostprocessing = 0;
			shellPath = /bin/sh;
			shellScript = "diff \"${PODS_PODFILE_DIR_PATH}/Podfile.lock\" \"${PODS_ROOT}/Manifest.lock\" > /dev/null\nif [ $? != 0 ] ; then\n    # print error to STDERR\n    echo \"error: The sandbox is not in sync with the Podfile.lock. Run 'pod install' or update your CocoaPods installation.\" >&2\n    exit 1\nfi\n# This output is used by Xcode 'outputs' to avoid re-running this script phase.\necho \"SUCCESS\" > \"${SCRIPT_OUTPUT_FILE_0}\"\n";
			showEnvVarsInLog = 0;
		};
		B8F26D115432DC2B1D02470F /* [CP] Check Pods Manifest.lock */ = {
			isa = PBXShellScriptBuildPhase;
			buildActionMask = 2147483647;
			files = (
			);
			inputFileListPaths = (
			);
			inputPaths = (
				"${PODS_PODFILE_DIR_PATH}/Podfile.lock",
				"${PODS_ROOT}/Manifest.lock",
			);
			name = "[CP] Check Pods Manifest.lock";
			outputFileListPaths = (
			);
			outputPaths = (
				"$(DERIVED_FILE_DIR)/Pods-ImageFinderTests-checkManifestLockResult.txt",
			);
			runOnlyForDeploymentPostprocessing = 0;
			shellPath = /bin/sh;
			shellScript = "diff \"${PODS_PODFILE_DIR_PATH}/Podfile.lock\" \"${PODS_ROOT}/Manifest.lock\" > /dev/null\nif [ $? != 0 ] ; then\n    # print error to STDERR\n    echo \"error: The sandbox is not in sync with the Podfile.lock. Run 'pod install' or update your CocoaPods installation.\" >&2\n    exit 1\nfi\n# This output is used by Xcode 'outputs' to avoid re-running this script phase.\necho \"SUCCESS\" > \"${SCRIPT_OUTPUT_FILE_0}\"\n";
			showEnvVarsInLog = 0;
		};
		E0FFCEA349F031FAD4C51497 /* [CP] Embed Pods Frameworks */ = {
			isa = PBXShellScriptBuildPhase;
			buildActionMask = 2147483647;
			files = (
			);
			inputFileListPaths = (
			);
			inputPaths = (
				"${SRCROOT}/Pods/Target Support Files/Pods-ImageFinder/Pods-ImageFinder-frameworks.sh",
				"${BUILT_PRODUCTS_DIR}/Kingfisher/Kingfisher.framework",
				"${BUILT_PRODUCTS_DIR}/UIColor+Hex/UIColor_Hex.framework",
			);
			name = "[CP] Embed Pods Frameworks";
			outputFileListPaths = (
			);
			outputPaths = (
				"${TARGET_BUILD_DIR}/${FRAMEWORKS_FOLDER_PATH}/Kingfisher.framework",
				"${TARGET_BUILD_DIR}/${FRAMEWORKS_FOLDER_PATH}/UIColor_Hex.framework",
			);
			runOnlyForDeploymentPostprocessing = 0;
			shellPath = /bin/sh;
			shellScript = "\"${SRCROOT}/Pods/Target Support Files/Pods-ImageFinder/Pods-ImageFinder-frameworks.sh\"\n";
			showEnvVarsInLog = 0;
		};
/* End PBXShellScriptBuildPhase section */

/* Begin PBXSourcesBuildPhase section */
		97EFA1A221B073110083EE84 /* Sources */ = {
			isa = PBXSourcesBuildPhase;
			buildActionMask = 2147483647;
			files = (
				978D155021B29596003E7954 /* MockConfiguration.swift in Sources */,
				97EFA21421B1F8050083EE84 /* DataSourceStep.swift in Sources */,
				97EFA1DC21B0758A0083EE84 /* RequestManager.swift in Sources */,
				978D155F21B5A884003E7954 /* ImageLoader.swift in Sources */,
				97EFA1E321B07D7D0083EE84 /* Configuration.swift in Sources */,
				97EFA1F221B1C1820083EE84 /* GradientView.swift in Sources */,
				978D156721B5D161003E7954 /* MessageCollectionViewCell.swift in Sources */,
				97EFA21221B1F2E00083EE84 /* ImageLoadStep.swift in Sources */,
				978D154E21B20EA0003E7954 /* UICollectionViewStaggeredFlowLayout.swift in Sources */,
				978D156F21B5E33A003E7954 /* TransitionNavigationController.swift in Sources */,
				978D155B21B44D3D003E7954 /* DateFormatter.swift in Sources */,
				978D156321B5D102003E7954 /* MessageViewModel.swift in Sources */,
				97EFA21021B1EF270083EE84 /* DataStep.swift in Sources */,
				97EFA1F421B1C4370083EE84 /* CollectionDataSource.swift in Sources */,
				97EFA1DF21B07A090083EE84 /* Image.swift in Sources */,
				978D156C21B5D493003E7954 /* FailureMessageDataStep.swift in Sources */,
				97EFA1F821B1C5D20083EE84 /* CollectionModel.swift in Sources */,
				978D155421B34732003E7954 /* ViewerViewController.swift in Sources */,
				97EFA1ED21B1AD670083EE84 /* ExpandableSearchBar.swift in Sources */,
				97EFA1F021B1BAF20083EE84 /* UIColor.swift in Sources */,
				978D157221B5F2B9003E7954 /* ZoomInTransition.swift in Sources */,
				97EFA1AC21B073110083EE84 /* ViewController.swift in Sources */,
				97EFA21621B1FC040083EE84 /* FullImageLoaderStep.swift in Sources */,
				97EFA1FA21B1C9D60083EE84 /* Array.swift in Sources */,
				97EFA1E521B0824F0083EE84 /* SearchResult.swift in Sources */,
				97EFA1AA21B073110083EE84 /* AppDelegate.swift in Sources */,
				97EFA20B21B1E7A90083EE84 /* FullImage.swift in Sources */,
				978D155D21B455FC003E7954 /* UserViewController.swift in Sources */,
				97EFA1E721B0830B0083EE84 /* User.swift in Sources */,
				978D155721B34EC2003E7954 /* Builder.swift in Sources */,
				978D155921B34F16003E7954 /* ImageViewModel+Builder.swift in Sources */,
				97EFA20321B1D5010083EE84 /* UnsplashSectionViewModel.swift in Sources */,
				97E3E7CA21B8797A00984560 /* Error.swift in Sources */,
				978D156121B5A964003E7954 /* UserDetailBuilder.swift in Sources */,
				97EFA20521B1D5A90083EE84 /* ImageViewModel.swift in Sources */,
				97EFA1FD21B1CDDB0083EE84 /* UnsplashCell.swift in Sources */,
				978D156A21B5D3A7003E7954 /* MessageSectionViewModel.swift in Sources */,
			);
			runOnlyForDeploymentPostprocessing = 0;
		};
		97EFA1B621B073120083EE84 /* Sources */ = {
			isa = PBXSourcesBuildPhase;
			buildActionMask = 2147483647;
			files = (
				97EFA20D21B1EBB60083EE84 /* FullImageTests.swift in Sources */,
				97EFA1EB21B11E9D0083EE84 /* SearchResultsTests.swift in Sources */,
				97E3E7C621B86E2300984560 /* ImageMock.swift in Sources */,
				978D157621B710F1003E7954 /* APIManagerTests.swift in Sources */,
				97E3E7C821B86F1300984560 /* ImageViewModelTests.swift in Sources */,
				978D157921B71D07003E7954 /* DataStepTests.swift in Sources */,
				97E3E7CD21B87E7800984560 /* ViewerContentTests.swift in Sources */,
			);
			runOnlyForDeploymentPostprocessing = 0;
		};
		97EFA1C121B073120083EE84 /* Sources */ = {
			isa = PBXSourcesBuildPhase;
			buildActionMask = 2147483647;
			files = (
				97EFA1CA21B073120083EE84 /* ImageFinderUITests.swift in Sources */,
			);
			runOnlyForDeploymentPostprocessing = 0;
		};
/* End PBXSourcesBuildPhase section */

/* Begin PBXTargetDependency section */
		97EFA1BC21B073120083EE84 /* PBXTargetDependency */ = {
			isa = PBXTargetDependency;
			target = 97EFA1A521B073110083EE84 /* ImageFinder */;
			targetProxy = 97EFA1BB21B073120083EE84 /* PBXContainerItemProxy */;
		};
		97EFA1C721B073120083EE84 /* PBXTargetDependency */ = {
			isa = PBXTargetDependency;
			target = 97EFA1A521B073110083EE84 /* ImageFinder */;
			targetProxy = 97EFA1C621B073120083EE84 /* PBXContainerItemProxy */;
		};
/* End PBXTargetDependency section */

/* Begin PBXVariantGroup section */
		97EFA1AD21B073110083EE84 /* Main.storyboard */ = {
			isa = PBXVariantGroup;
			children = (
				97EFA1AE21B073110083EE84 /* Base */,
			);
			name = Main.storyboard;
			sourceTree = "<group>";
		};
		97EFA1B221B073120083EE84 /* LaunchScreen.storyboard */ = {
			isa = PBXVariantGroup;
			children = (
				97EFA1B321B073120083EE84 /* Base */,
			);
			name = LaunchScreen.storyboard;
			sourceTree = "<group>";
		};
/* End PBXVariantGroup section */

/* Begin XCBuildConfiguration section */
		97EFA1CC21B073120083EE84 /* Debug */ = {
			isa = XCBuildConfiguration;
			buildSettings = {
				ALWAYS_SEARCH_USER_PATHS = NO;
				CLANG_ANALYZER_NONNULL = YES;
				CLANG_ANALYZER_NUMBER_OBJECT_CONVERSION = YES_AGGRESSIVE;
				CLANG_CXX_LANGUAGE_STANDARD = "gnu++14";
				CLANG_CXX_LIBRARY = "libc++";
				CLANG_ENABLE_MODULES = YES;
				CLANG_ENABLE_OBJC_ARC = YES;
				CLANG_ENABLE_OBJC_WEAK = YES;
				CLANG_WARN_BLOCK_CAPTURE_AUTORELEASING = YES;
				CLANG_WARN_BOOL_CONVERSION = YES;
				CLANG_WARN_COMMA = YES;
				CLANG_WARN_CONSTANT_CONVERSION = YES;
				CLANG_WARN_DEPRECATED_OBJC_IMPLEMENTATIONS = YES;
				CLANG_WARN_DIRECT_OBJC_ISA_USAGE = YES_ERROR;
				CLANG_WARN_DOCUMENTATION_COMMENTS = YES;
				CLANG_WARN_EMPTY_BODY = YES;
				CLANG_WARN_ENUM_CONVERSION = YES;
				CLANG_WARN_INFINITE_RECURSION = YES;
				CLANG_WARN_INT_CONVERSION = YES;
				CLANG_WARN_NON_LITERAL_NULL_CONVERSION = YES;
				CLANG_WARN_OBJC_IMPLICIT_RETAIN_SELF = YES;
				CLANG_WARN_OBJC_LITERAL_CONVERSION = YES;
				CLANG_WARN_OBJC_ROOT_CLASS = YES_ERROR;
				CLANG_WARN_RANGE_LOOP_ANALYSIS = YES;
				CLANG_WARN_STRICT_PROTOTYPES = YES;
				CLANG_WARN_SUSPICIOUS_MOVE = YES;
				CLANG_WARN_UNGUARDED_AVAILABILITY = YES_AGGRESSIVE;
				CLANG_WARN_UNREACHABLE_CODE = YES;
				CLANG_WARN__DUPLICATE_METHOD_MATCH = YES;
				CODE_SIGN_IDENTITY = "iPhone Developer";
				COPY_PHASE_STRIP = NO;
				DEBUG_INFORMATION_FORMAT = dwarf;
				ENABLE_STRICT_OBJC_MSGSEND = YES;
				ENABLE_TESTABILITY = YES;
				GCC_C_LANGUAGE_STANDARD = gnu11;
				GCC_DYNAMIC_NO_PIC = NO;
				GCC_NO_COMMON_BLOCKS = YES;
				GCC_OPTIMIZATION_LEVEL = 0;
				GCC_PREPROCESSOR_DEFINITIONS = (
					"DEBUG=1",
					"$(inherited)",
				);
				GCC_WARN_64_TO_32_BIT_CONVERSION = YES;
				GCC_WARN_ABOUT_RETURN_TYPE = YES_ERROR;
				GCC_WARN_UNDECLARED_SELECTOR = YES;
				GCC_WARN_UNINITIALIZED_AUTOS = YES_AGGRESSIVE;
				GCC_WARN_UNUSED_FUNCTION = YES;
				GCC_WARN_UNUSED_VARIABLE = YES;
				IPHONEOS_DEPLOYMENT_TARGET = 12.1;
				MTL_ENABLE_DEBUG_INFO = INCLUDE_SOURCE;
				MTL_FAST_MATH = YES;
				ONLY_ACTIVE_ARCH = YES;
				SDKROOT = iphoneos;
				SWIFT_ACTIVE_COMPILATION_CONDITIONS = DEBUG;
				SWIFT_OPTIMIZATION_LEVEL = "-Onone";
			};
			name = Debug;
		};
		97EFA1CD21B073120083EE84 /* Release */ = {
			isa = XCBuildConfiguration;
			buildSettings = {
				ALWAYS_SEARCH_USER_PATHS = NO;
				CLANG_ANALYZER_NONNULL = YES;
				CLANG_ANALYZER_NUMBER_OBJECT_CONVERSION = YES_AGGRESSIVE;
				CLANG_CXX_LANGUAGE_STANDARD = "gnu++14";
				CLANG_CXX_LIBRARY = "libc++";
				CLANG_ENABLE_MODULES = YES;
				CLANG_ENABLE_OBJC_ARC = YES;
				CLANG_ENABLE_OBJC_WEAK = YES;
				CLANG_WARN_BLOCK_CAPTURE_AUTORELEASING = YES;
				CLANG_WARN_BOOL_CONVERSION = YES;
				CLANG_WARN_COMMA = YES;
				CLANG_WARN_CONSTANT_CONVERSION = YES;
				CLANG_WARN_DEPRECATED_OBJC_IMPLEMENTATIONS = YES;
				CLANG_WARN_DIRECT_OBJC_ISA_USAGE = YES_ERROR;
				CLANG_WARN_DOCUMENTATION_COMMENTS = YES;
				CLANG_WARN_EMPTY_BODY = YES;
				CLANG_WARN_ENUM_CONVERSION = YES;
				CLANG_WARN_INFINITE_RECURSION = YES;
				CLANG_WARN_INT_CONVERSION = YES;
				CLANG_WARN_NON_LITERAL_NULL_CONVERSION = YES;
				CLANG_WARN_OBJC_IMPLICIT_RETAIN_SELF = YES;
				CLANG_WARN_OBJC_LITERAL_CONVERSION = YES;
				CLANG_WARN_OBJC_ROOT_CLASS = YES_ERROR;
				CLANG_WARN_RANGE_LOOP_ANALYSIS = YES;
				CLANG_WARN_STRICT_PROTOTYPES = YES;
				CLANG_WARN_SUSPICIOUS_MOVE = YES;
				CLANG_WARN_UNGUARDED_AVAILABILITY = YES_AGGRESSIVE;
				CLANG_WARN_UNREACHABLE_CODE = YES;
				CLANG_WARN__DUPLICATE_METHOD_MATCH = YES;
				CODE_SIGN_IDENTITY = "iPhone Developer";
				COPY_PHASE_STRIP = NO;
				DEBUG_INFORMATION_FORMAT = "dwarf-with-dsym";
				ENABLE_NS_ASSERTIONS = NO;
				ENABLE_STRICT_OBJC_MSGSEND = YES;
				GCC_C_LANGUAGE_STANDARD = gnu11;
				GCC_NO_COMMON_BLOCKS = YES;
				GCC_WARN_64_TO_32_BIT_CONVERSION = YES;
				GCC_WARN_ABOUT_RETURN_TYPE = YES_ERROR;
				GCC_WARN_UNDECLARED_SELECTOR = YES;
				GCC_WARN_UNINITIALIZED_AUTOS = YES_AGGRESSIVE;
				GCC_WARN_UNUSED_FUNCTION = YES;
				GCC_WARN_UNUSED_VARIABLE = YES;
				IPHONEOS_DEPLOYMENT_TARGET = 12.1;
				MTL_ENABLE_DEBUG_INFO = NO;
				MTL_FAST_MATH = YES;
				SDKROOT = iphoneos;
				SWIFT_COMPILATION_MODE = wholemodule;
				SWIFT_OPTIMIZATION_LEVEL = "-O";
				VALIDATE_PRODUCT = YES;
			};
			name = Release;
		};
		97EFA1CF21B073120083EE84 /* Debug */ = {
			isa = XCBuildConfiguration;
			baseConfigurationReference = C8B453E55AD9762BECB96D21 /* Pods-ImageFinder.debug.xcconfig */;
			buildSettings = {
				ASSETCATALOG_COMPILER_APPICON_NAME = AppIcon;
				CODE_SIGN_STYLE = Automatic;
				DEVELOPMENT_TEAM = 6RS7DS4QV5;
				INFOPLIST_FILE = ImageFinder/Info.plist;
				IPHONEOS_DEPLOYMENT_TARGET = 11.0;
				LD_RUNPATH_SEARCH_PATHS = (
					"$(inherited)",
					"@executable_path/Frameworks",
				);
				PRODUCT_BUNDLE_IDENTIFIER = it.studiout.test.ImageFinder;
				PRODUCT_NAME = "$(TARGET_NAME)";
				SWIFT_VERSION = 4.2;
				TARGETED_DEVICE_FAMILY = "1,2";
			};
			name = Debug;
		};
		97EFA1D021B073120083EE84 /* Release */ = {
			isa = XCBuildConfiguration;
			baseConfigurationReference = AAC7114900D6FA6B2634CAB1 /* Pods-ImageFinder.release.xcconfig */;
			buildSettings = {
				ASSETCATALOG_COMPILER_APPICON_NAME = AppIcon;
				CODE_SIGN_STYLE = Automatic;
				DEVELOPMENT_TEAM = 6RS7DS4QV5;
				INFOPLIST_FILE = ImageFinder/Info.plist;
				IPHONEOS_DEPLOYMENT_TARGET = 11.0;
				LD_RUNPATH_SEARCH_PATHS = (
					"$(inherited)",
					"@executable_path/Frameworks",
				);
				PRODUCT_BUNDLE_IDENTIFIER = it.studiout.test.ImageFinder;
				PRODUCT_NAME = "$(TARGET_NAME)";
				SWIFT_VERSION = 4.2;
				TARGETED_DEVICE_FAMILY = "1,2";
			};
			name = Release;
		};
		97EFA1D221B073120083EE84 /* Debug */ = {
			isa = XCBuildConfiguration;
			baseConfigurationReference = AA4484E97CC405AAF7E8213C /* Pods-ImageFinderTests.debug.xcconfig */;
			buildSettings = {
				ALWAYS_EMBED_SWIFT_STANDARD_LIBRARIES = YES;
				BUNDLE_LOADER = "$(TEST_HOST)";
				CODE_SIGN_STYLE = Automatic;
				DEVELOPMENT_TEAM = 6RS7DS4QV5;
				INFOPLIST_FILE = ImageFinderTests/Info.plist;
				LD_RUNPATH_SEARCH_PATHS = (
					"$(inherited)",
					"@executable_path/Frameworks",
					"@loader_path/Frameworks",
				);
				PRODUCT_BUNDLE_IDENTIFIER = it.studiout.test.ImageFinderTests;
				PRODUCT_NAME = "$(TARGET_NAME)";
				SWIFT_VERSION = 4.2;
				TARGETED_DEVICE_FAMILY = "1,2";
				TEST_HOST = "$(BUILT_PRODUCTS_DIR)/ImageFinder.app/ImageFinder";
			};
			name = Debug;
		};
		97EFA1D321B073120083EE84 /* Release */ = {
			isa = XCBuildConfiguration;
			baseConfigurationReference = BB07D38FB38BCD700FEF64DA /* Pods-ImageFinderTests.release.xcconfig */;
			buildSettings = {
				ALWAYS_EMBED_SWIFT_STANDARD_LIBRARIES = YES;
				BUNDLE_LOADER = "$(TEST_HOST)";
				CODE_SIGN_STYLE = Automatic;
				DEVELOPMENT_TEAM = 6RS7DS4QV5;
				INFOPLIST_FILE = ImageFinderTests/Info.plist;
				LD_RUNPATH_SEARCH_PATHS = (
					"$(inherited)",
					"@executable_path/Frameworks",
					"@loader_path/Frameworks",
				);
				PRODUCT_BUNDLE_IDENTIFIER = it.studiout.test.ImageFinderTests;
				PRODUCT_NAME = "$(TARGET_NAME)";
				SWIFT_VERSION = 4.2;
				TARGETED_DEVICE_FAMILY = "1,2";
				TEST_HOST = "$(BUILT_PRODUCTS_DIR)/ImageFinder.app/ImageFinder";
			};
			name = Release;
		};
		97EFA1D521B073120083EE84 /* Debug */ = {
			isa = XCBuildConfiguration;
			baseConfigurationReference = A2A660EEE85EAEEDA529C80E /* Pods-ImageFinderUITests.debug.xcconfig */;
			buildSettings = {
				ALWAYS_EMBED_SWIFT_STANDARD_LIBRARIES = YES;
				CODE_SIGN_STYLE = Automatic;
				DEVELOPMENT_TEAM = 6RS7DS4QV5;
				INFOPLIST_FILE = ImageFinderUITests/Info.plist;
				LD_RUNPATH_SEARCH_PATHS = (
					"$(inherited)",
					"@executable_path/Frameworks",
					"@loader_path/Frameworks",
				);
				PRODUCT_BUNDLE_IDENTIFIER = it.studiout.test.ImageFinderUITests;
				PRODUCT_NAME = "$(TARGET_NAME)";
				SWIFT_VERSION = 4.2;
				TARGETED_DEVICE_FAMILY = "1,2";
				TEST_TARGET_NAME = ImageFinder;
			};
			name = Debug;
		};
		97EFA1D621B073120083EE84 /* Release */ = {
			isa = XCBuildConfiguration;
			baseConfigurationReference = BB5DB73EAAC4CC89D0B7A41A /* Pods-ImageFinderUITests.release.xcconfig */;
			buildSettings = {
				ALWAYS_EMBED_SWIFT_STANDARD_LIBRARIES = YES;
				CODE_SIGN_STYLE = Automatic;
				DEVELOPMENT_TEAM = 6RS7DS4QV5;
				INFOPLIST_FILE = ImageFinderUITests/Info.plist;
				LD_RUNPATH_SEARCH_PATHS = (
					"$(inherited)",
					"@executable_path/Frameworks",
					"@loader_path/Frameworks",
				);
				PRODUCT_BUNDLE_IDENTIFIER = it.studiout.test.ImageFinderUITests;
				PRODUCT_NAME = "$(TARGET_NAME)";
				SWIFT_VERSION = 4.2;
				TARGETED_DEVICE_FAMILY = "1,2";
				TEST_TARGET_NAME = ImageFinder;
			};
			name = Release;
		};
/* End XCBuildConfiguration section */

/* Begin XCConfigurationList section */
		97EFA1A121B073110083EE84 /* Build configuration list for PBXProject "ImageFinder" */ = {
			isa = XCConfigurationList;
			buildConfigurations = (
				97EFA1CC21B073120083EE84 /* Debug */,
				97EFA1CD21B073120083EE84 /* Release */,
			);
			defaultConfigurationIsVisible = 0;
			defaultConfigurationName = Release;
		};
		97EFA1CE21B073120083EE84 /* Build configuration list for PBXNativeTarget "ImageFinder" */ = {
			isa = XCConfigurationList;
			buildConfigurations = (
				97EFA1CF21B073120083EE84 /* Debug */,
				97EFA1D021B073120083EE84 /* Release */,
			);
			defaultConfigurationIsVisible = 0;
			defaultConfigurationName = Release;
		};
		97EFA1D121B073120083EE84 /* Build configuration list for PBXNativeTarget "ImageFinderTests" */ = {
			isa = XCConfigurationList;
			buildConfigurations = (
				97EFA1D221B073120083EE84 /* Debug */,
				97EFA1D321B073120083EE84 /* Release */,
			);
			defaultConfigurationIsVisible = 0;
			defaultConfigurationName = Release;
		};
		97EFA1D421B073120083EE84 /* Build configuration list for PBXNativeTarget "ImageFinderUITests" */ = {
			isa = XCConfigurationList;
			buildConfigurations = (
				97EFA1D521B073120083EE84 /* Debug */,
				97EFA1D621B073120083EE84 /* Release */,
			);
			defaultConfigurationIsVisible = 0;
			defaultConfigurationName = Release;
		};
/* End XCConfigurationList section */
	};
	rootObject = 97EFA19E21B073110083EE84 /* Project object */;
}
