// !$*UTF8*$!
{
	archiveVersion = 1;
	classes = {
	};
	objectVersion = 50;
	objects = {

/* Begin PBXBuildFile section */
		97EFA1AA21B073110083EE84 /* AppDelegate.swift in Sources */ = {isa = PBXBuildFile; fileRef = 97EFA1A921B073110083EE84 /* AppDelegate.swift */; };
		97EFA1AC21B073110083EE84 /* ViewController.swift in Sources */ = {isa = PBXBuildFile; fileRef = 97EFA1AB21B073110083EE84 /* ViewController.swift */; };
		97EFA1AF21B073110083EE84 /* Main.storyboard in Resources */ = {isa = PBXBuildFile; fileRef = 97EFA1AD21B073110083EE84 /* Main.storyboard */; };
		97EFA1B121B073120083EE84 /* Assets.xcassets in Resources */ = {isa = PBXBuildFile; fileRef = 97EFA1B021B073120083EE84 /* Assets.xcassets */; };
		97EFA1B421B073120083EE84 /* LaunchScreen.storyboard in Resources */ = {isa = PBXBuildFile; fileRef = 97EFA1B221B073120083EE84 /* LaunchScreen.storyboard */; };
		97EFA1BF21B073120083EE84 /* ImageFinderTests.swift in Sources */ = {isa = PBXBuildFile; fileRef = 97EFA1BE21B073120083EE84 /* ImageFinderTests.swift */; };
		97EFA1CA21B073120083EE84 /* ImageFinderUITests.swift in Sources */ = {isa = PBXBuildFile; fileRef = 97EFA1C921B073120083EE84 /* ImageFinderUITests.swift */; };
/* End PBXBuildFile section */

/* Begin PBXContainerItemProxy section */
		97EFA1BB21B073120083EE84 /* PBXContainerItemProxy */ = {
			isa = PBXContainerItemProxy;
			containerPortal = 97EFA19E21B073110083EE84 /* Project object */;
			proxyType = 1;
			remoteGlobalIDString = 97EFA1A521B073110083EE84;
			remoteInfo = ImageFinder;
		};
		97EFA1C621B073120083EE84 /* PBXContainerItemProxy */ = {
			isa = PBXContainerItemProxy;
			containerPortal = 97EFA19E21B073110083EE84 /* Project object */;
			proxyType = 1;
			remoteGlobalIDString = 97EFA1A521B073110083EE84;
			remoteInfo = ImageFinder;
		};
/* End PBXContainerItemProxy section */

/* Begin PBXFileReference section */
		97EFA1A621B073110083EE84 /* ImageFinder.app */ = {isa = PBXFileReference; explicitFileType = wrapper.application; includeInIndex = 0; path = ImageFinder.app; sourceTree = BUILT_PRODUCTS_DIR; };
		97EFA1A921B073110083EE84 /* AppDelegate.swift */ = {isa = PBXFileReference; lastKnownFileType = sourcecode.swift; path = AppDelegate.swift; sourceTree = "<group>"; };
		97EFA1AB21B073110083EE84 /* ViewController.swift */ = {isa = PBXFileReference; lastKnownFileType = sourcecode.swift; path = ViewController.swift; sourceTree = "<group>"; };
		97EFA1AE21B073110083EE84 /* Base */ = {isa = PBXFileReference; lastKnownFileType = file.storyboard; name = Base; path = Base.lproj/Main.storyboard; sourceTree = "<group>"; };
		97EFA1B021B073120083EE84 /* Assets.xcassets */ = {isa = PBXFileReference; lastKnownFileType = folder.assetcatalog; path = Assets.xcassets; sourceTree = "<group>"; };
		97EFA1B321B073120083EE84 /* Base */ = {isa = PBXFileReference; lastKnownFileType = file.storyboard; name = Base; path = Base.lproj/LaunchScreen.storyboard; sourceTree = "<group>"; };
		97EFA1B521B073120083EE84 /* Info.plist */ = {isa = PBXFileReference; lastKnownFileType = text.plist.xml; path = Info.plist; sourceTree = "<group>"; };
		97EFA1BA21B073120083EE84 /* ImageFinderTests.xctest */ = {isa = PBXFileReference; explicitFileType = wrapper.cfbundle; includeInIndex = 0; path = ImageFinderTests.xctest; sourceTree = BUILT_PRODUCTS_DIR; };
		97EFA1BE21B073120083EE84 /* ImageFinderTests.swift */ = {isa = PBXFileReference; lastKnownFileType = sourcecode.swift; path = ImageFinderTests.swift; sourceTree = "<group>"; };
		97EFA1C021B073120083EE84 /* Info.plist */ = {isa = PBXFileReference; lastKnownFileType = text.plist.xml; path = Info.plist; sourceTree = "<group>"; };
		97EFA1C521B073120083EE84 /* ImageFinderUITests.xctest */ = {isa = PBXFileReference; explicitFileType = wrapper.cfbundle; includeInIndex = 0; path = ImageFinderUITests.xctest; sourceTree = BUILT_PRODUCTS_DIR; };
		97EFA1C921B073120083EE84 /* ImageFinderUITests.swift */ = {isa = PBXFileReference; lastKnownFileType = sourcecode.swift; path = ImageFinderUITests.swift; sourceTree = "<group>"; };
		97EFA1CB21B073120083EE84 /* Info.plist */ = {isa = PBXFileReference; lastKnownFileType = text.plist.xml; path = Info.plist; sourceTree = "<group>"; };
/* End PBXFileReference section */

/* Begin PBXFrameworksBuildPhase section */
		97EFA1A321B073110083EE84 /* Frameworks */ = {
			isa = PBXFrameworksBuildPhase;
			buildActionMask = 2147483647;
			files = (
			);
			runOnlyForDeploymentPostprocessing = 0;
		};
		97EFA1B721B073120083EE84 /* Frameworks */ = {
			isa = PBXFrameworksBuildPhase;
			buildActionMask = 2147483647;
			files = (
			);
			runOnlyForDeploymentPostprocessing = 0;
		};
		97EFA1C221B073120083EE84 /* Frameworks */ = {
			isa = PBXFrameworksBuildPhase;
			buildActionMask = 2147483647;
			files = (
			);
			runOnlyForDeploymentPostprocessing = 0;
		};
/* End PBXFrameworksBuildPhase section */

/* Begin PBXGroup section */
		97EFA19D21B073110083EE84 = {
			isa = PBXGroup;
			children = (
				97EFA1A821B073110083EE84 /* ImageFinder */,
				97EFA1BD21B073120083EE84 /* ImageFinderTests */,
				97EFA1C821B073120083EE84 /* ImageFinderUITests */,
				97EFA1A721B073110083EE84 /* Products */,
			);
			sourceTree = "<group>";
		};
		97EFA1A721B073110083EE84 /* Products */ = {
			isa = PBXGroup;
			children = (
				97EFA1A621B073110083EE84 /* ImageFinder.app */,
				97EFA1BA21B073120083EE84 /* ImageFinderTests.xctest */,
				97EFA1C521B073120083EE84 /* ImageFinderUITests.xctest */,
			);
			name = Products;
			sourceTree = "<group>";
		};
		97EFA1A821B073110083EE84 /* ImageFinder */ = {
			isa = PBXGroup;
			children = (
				97EFA1A921B073110083EE84 /* AppDelegate.swift */,
				97EFA1AB21B073110083EE84 /* ViewController.swift */,
				97EFA1AD21B073110083EE84 /* Main.storyboard */,
				97EFA1B021B073120083EE84 /* Assets.xcassets */,
				97EFA1B221B073120083EE84 /* LaunchScreen.storyboard */,
				97EFA1B521B073120083EE84 /* Info.plist */,
			);
			path = ImageFinder;
			sourceTree = "<group>";
		};
		97EFA1BD21B073120083EE84 /* ImageFinderTests */ = {
			isa = PBXGroup;
			children = (
				97EFA1BE21B073120083EE84 /* ImageFinderTests.swift */,
				97EFA1C021B073120083EE84 /* Info.plist */,
			);
			path = ImageFinderTests;
			sourceTree = "<group>";
		};
		97EFA1C821B073120083EE84 /* ImageFinderUITests */ = {
			isa = PBXGroup;
			children = (
				97EFA1C921B073120083EE84 /* ImageFinderUITests.swift */,
				97EFA1CB21B073120083EE84 /* Info.plist */,
			);
			path = ImageFinderUITests;
			sourceTree = "<group>";
		};
/* End PBXGroup section */

/* Begin PBXNativeTarget section */
		97EFA1A521B073110083EE84 /* ImageFinder */ = {
			isa = PBXNativeTarget;
			buildConfigurationList = 97EFA1CE21B073120083EE84 /* Build configuration list for PBXNativeTarget "ImageFinder" */;
			buildPhases = (
				97EFA1A221B073110083EE84 /* Sources */,
				97EFA1A321B073110083EE84 /* Frameworks */,
				97EFA1A421B073110083EE84 /* Resources */,
			);
			buildRules = (
			);
			dependencies = (
			);
			name = ImageFinder;
			productName = ImageFinder;
			productReference = 97EFA1A621B073110083EE84 /* ImageFinder.app */;
			productType = "com.apple.product-type.application";
		};
		97EFA1B921B073120083EE84 /* ImageFinderTests */ = {
			isa = PBXNativeTarget;
			buildConfigurationList = 97EFA1D121B073120083EE84 /* Build configuration list for PBXNativeTarget "ImageFinderTests" */;
			buildPhases = (
				97EFA1B621B073120083EE84 /* Sources */,
				97EFA1B721B073120083EE84 /* Frameworks */,
				97EFA1B821B073120083EE84 /* Resources */,
			);
			buildRules = (
			);
			dependencies = (
				97EFA1BC21B073120083EE84 /* PBXTargetDependency */,
			);
			name = ImageFinderTests;
			productName = ImageFinderTests;
			productReference = 97EFA1BA21B073120083EE84 /* ImageFinderTests.xctest */;
			productType = "com.apple.product-type.bundle.unit-test";
		};
		97EFA1C421B073120083EE84 /* ImageFinderUITests */ = {
			isa = PBXNativeTarget;
			buildConfigurationList = 97EFA1D421B073120083EE84 /* Build configuration list for PBXNativeTarget "ImageFinderUITests" */;
			buildPhases = (
				97EFA1C121B073120083EE84 /* Sources */,
				97EFA1C221B073120083EE84 /* Frameworks */,
				97EFA1C321B073120083EE84 /* Resources */,
			);
			buildRules = (
			);
			dependencies = (
				97EFA1C721B073120083EE84 /* PBXTargetDependency */,
			);
			name = ImageFinderUITests;
			productName = ImageFinderUITests;
			productReference = 97EFA1C521B073120083EE84 /* ImageFinderUITests.xctest */;
			productType = "com.apple.product-type.bundle.ui-testing";
		};
/* End PBXNativeTarget section */

/* Begin PBXProject section */
		97EFA19E21B073110083EE84 /* Project object */ = {
			isa = PBXProject;
			attributes = {
				LastSwiftUpdateCheck = 1010;
				LastUpgradeCheck = 1010;
				ORGANIZATIONNAME = "Andrea Altea";
				TargetAttributes = {
					97EFA1A521B073110083EE84 = {
						CreatedOnToolsVersion = 10.1;
					};
					97EFA1B921B073120083EE84 = {
						CreatedOnToolsVersion = 10.1;
						TestTargetID = 97EFA1A521B073110083EE84;
					};
					97EFA1C421B073120083EE84 = {
						CreatedOnToolsVersion = 10.1;
						TestTargetID = 97EFA1A521B073110083EE84;
					};
				};
			};
			buildConfigurationList = 97EFA1A121B073110083EE84 /* Build configuration list for PBXProject "ImageFinder" */;
			compatibilityVersion = "Xcode 9.3";
			developmentRegion = en;
			hasScannedForEncodings = 0;
			knownRegions = (
				en,
				Base,
			);
			mainGroup = 97EFA19D21B073110083EE84;
			productRefGroup = 97EFA1A721B073110083EE84 /* Products */;
			projectDirPath = "";
			projectRoot = "";
			targets = (
				97EFA1A521B073110083EE84 /* ImageFinder */,
				97EFA1B921B073120083EE84 /* ImageFinderTests */,
				97EFA1C421B073120083EE84 /* ImageFinderUITests */,
			);
		};
/* End PBXProject section */

/* Begin PBXResourcesBuildPhase section */
		97EFA1A421B073110083EE84 /* Resources */ = {
			isa = PBXResourcesBuildPhase;
			buildActionMask = 2147483647;
			files = (
				97EFA1B421B073120083EE84 /* LaunchScreen.storyboard in Resources */,
				97EFA1B121B073120083EE84 /* Assets.xcassets in Resources */,
				97EFA1AF21B073110083EE84 /* Main.storyboard in Resources */,
			);
			runOnlyForDeploymentPostprocessing = 0;
		};
		97EFA1B821B073120083EE84 /* Resources */ = {
			isa = PBXResourcesBuildPhase;
			buildActionMask = 2147483647;
			files = (
			);
			runOnlyForDeploymentPostprocessing = 0;
		};
		97EFA1C321B073120083EE84 /* Resources */ = {
			isa = PBXResourcesBuildPhase;
			buildActionMask = 2147483647;
			files = (
			);
			runOnlyForDeploymentPostprocessing = 0;
		};
/* End PBXResourcesBuildPhase section */

/* Begin PBXSourcesBuildPhase section */
		97EFA1A221B073110083EE84 /* Sources */ = {
			isa = PBXSourcesBuildPhase;
			buildActionMask = 2147483647;
			files = (
				97EFA1AC21B073110083EE84 /* ViewController.swift in Sources */,
				97EFA1AA21B073110083EE84 /* AppDelegate.swift in Sources */,
			);
			runOnlyForDeploymentPostprocessing = 0;
		};
		97EFA1B621B073120083EE84 /* Sources */ = {
			isa = PBXSourcesBuildPhase;
			buildActionMask = 2147483647;
			files = (
				97EFA1BF21B073120083EE84 /* ImageFinderTests.swift in Sources */,
			);
			runOnlyForDeploymentPostprocessing = 0;
		};
		97EFA1C121B073120083EE84 /* Sources */ = {
			isa = PBXSourcesBuildPhase;
			buildActionMask = 2147483647;
			files = (
				97EFA1CA21B073120083EE84 /* ImageFinderUITests.swift in Sources */,
			);
			runOnlyForDeploymentPostprocessing = 0;
		};
/* End PBXSourcesBuildPhase section */

/* Begin PBXTargetDependency section */
		97EFA1BC21B073120083EE84 /* PBXTargetDependency */ = {
			isa = PBXTargetDependency;
			target = 97EFA1A521B073110083EE84 /* ImageFinder */;
			targetProxy = 97EFA1BB21B073120083EE84 /* PBXContainerItemProxy */;
		};
		97EFA1C721B073120083EE84 /* PBXTargetDependency */ = {
			isa = PBXTargetDependency;
			target = 97EFA1A521B073110083EE84 /* ImageFinder */;
			targetProxy = 97EFA1C621B073120083EE84 /* PBXContainerItemProxy */;
		};
/* End PBXTargetDependency section */

/* Begin PBXVariantGroup section */
		97EFA1AD21B073110083EE84 /* Main.storyboard */ = {
			isa = PBXVariantGroup;
			children = (
				97EFA1AE21B073110083EE84 /* Base */,
			);
			name = Main.storyboard;
			sourceTree = "<group>";
		};
		97EFA1B221B073120083EE84 /* LaunchScreen.storyboard */ = {
			isa = PBXVariantGroup;
			children = (
				97EFA1B321B073120083EE84 /* Base */,
			);
			name = LaunchScreen.storyboard;
			sourceTree = "<group>";
		};
/* End PBXVariantGroup section */

/* Begin XCBuildConfiguration section */
		97EFA1CC21B073120083EE84 /* Debug */ = {
			isa = XCBuildConfiguration;
			buildSettings = {
				ALWAYS_SEARCH_USER_PATHS = NO;
				CLANG_ANALYZER_NONNULL = YES;
				CLANG_ANALYZER_NUMBER_OBJECT_CONVERSION = YES_AGGRESSIVE;
				CLANG_CXX_LANGUAGE_STANDARD = "gnu++14";
				CLANG_CXX_LIBRARY = "libc++";
				CLANG_ENABLE_MODULES = YES;
				CLANG_ENABLE_OBJC_ARC = YES;
				CLANG_ENABLE_OBJC_WEAK = YES;
				CLANG_WARN_BLOCK_CAPTURE_AUTORELEASING = YES;
				CLANG_WARN_BOOL_CONVERSION = YES;
				CLANG_WARN_COMMA = YES;
				CLANG_WARN_CONSTANT_CONVERSION = YES;
				CLANG_WARN_DEPRECATED_OBJC_IMPLEMENTATIONS = YES;
				CLANG_WARN_DIRECT_OBJC_ISA_USAGE = YES_ERROR;
				CLANG_WARN_DOCUMENTATION_COMMENTS = YES;
				CLANG_WARN_EMPTY_BODY = YES;
				CLANG_WARN_ENUM_CONVERSION = YES;
				CLANG_WARN_INFINITE_RECURSION = YES;
				CLANG_WARN_INT_CONVERSION = YES;
				CLANG_WARN_NON_LITERAL_NULL_CONVERSION = YES;
				CLANG_WARN_OBJC_IMPLICIT_RETAIN_SELF = YES;
				CLANG_WARN_OBJC_LITERAL_CONVERSION = YES;
				CLANG_WARN_OBJC_ROOT_CLASS = YES_ERROR;
				CLANG_WARN_RANGE_LOOP_ANALYSIS = YES;
				CLANG_WARN_STRICT_PROTOTYPES = YES;
				CLANG_WARN_SUSPICIOUS_MOVE = YES;
				CLANG_WARN_UNGUARDED_AVAILABILITY = YES_AGGRESSIVE;
				CLANG_WARN_UNREACHABLE_CODE = YES;
				CLANG_WARN__DUPLICATE_METHOD_MATCH = YES;
				CODE_SIGN_IDENTITY = "iPhone Developer";
				COPY_PHASE_STRIP = NO;
				DEBUG_INFORMATION_FORMAT = dwarf;
				ENABLE_STRICT_OBJC_MSGSEND = YES;
				ENABLE_TESTABILITY = YES;
				GCC_C_LANGUAGE_STANDARD = gnu11;
				GCC_DYNAMIC_NO_PIC = NO;
				GCC_NO_COMMON_BLOCKS = YES;
				GCC_OPTIMIZATION_LEVEL = 0;
				GCC_PREPROCESSOR_DEFINITIONS = (
					"DEBUG=1",
					"$(inherited)",
				);
				GCC_WARN_64_TO_32_BIT_CONVERSION = YES;
				GCC_WARN_ABOUT_RETURN_TYPE = YES_ERROR;
				GCC_WARN_UNDECLARED_SELECTOR = YES;
				GCC_WARN_UNINITIALIZED_AUTOS = YES_AGGRESSIVE;
				GCC_WARN_UNUSED_FUNCTION = YES;
				GCC_WARN_UNUSED_VARIABLE = YES;
				IPHONEOS_DEPLOYMENT_TARGET = 12.1;
				MTL_ENABLE_DEBUG_INFO = INCLUDE_SOURCE;
				MTL_FAST_MATH = YES;
				ONLY_ACTIVE_ARCH = YES;
				SDKROOT = iphoneos;
				SWIFT_ACTIVE_COMPILATION_CONDITIONS = DEBUG;
				SWIFT_OPTIMIZATION_LEVEL = "-Onone";
			};
			name = Debug;
		};
		97EFA1CD21B073120083EE84 /* Release */ = {
			isa = XCBuildConfiguration;
			buildSettings = {
				ALWAYS_SEARCH_USER_PATHS = NO;
				CLANG_ANALYZER_NONNULL = YES;
				CLANG_ANALYZER_NUMBER_OBJECT_CONVERSION = YES_AGGRESSIVE;
				CLANG_CXX_LANGUAGE_STANDARD = "gnu++14";
				CLANG_CXX_LIBRARY = "libc++";
				CLANG_ENABLE_MODULES = YES;
				CLANG_ENABLE_OBJC_ARC = YES;
				CLANG_ENABLE_OBJC_WEAK = YES;
				CLANG_WARN_BLOCK_CAPTURE_AUTORELEASING = YES;
				CLANG_WARN_BOOL_CONVERSION = YES;
				CLANG_WARN_COMMA = YES;
				CLANG_WARN_CONSTANT_CONVERSION = YES;
				CLANG_WARN_DEPRECATED_OBJC_IMPLEMENTATIONS = YES;
				CLANG_WARN_DIRECT_OBJC_ISA_USAGE = YES_ERROR;
				CLANG_WARN_DOCUMENTATION_COMMENTS = YES;
				CLANG_WARN_EMPTY_BODY = YES;
				CLANG_WARN_ENUM_CONVERSION = YES;
				CLANG_WARN_INFINITE_RECURSION = YES;
				CLANG_WARN_INT_CONVERSION = YES;
				CLANG_WARN_NON_LITERAL_NULL_CONVERSION = YES;
				CLANG_WARN_OBJC_IMPLICIT_RETAIN_SELF = YES;
				CLANG_WARN_OBJC_LITERAL_CONVERSION = YES;
				CLANG_WARN_OBJC_ROOT_CLASS = YES_ERROR;
				CLANG_WARN_RANGE_LOOP_ANALYSIS = YES;
				CLANG_WARN_STRICT_PROTOTYPES = YES;
				CLANG_WARN_SUSPICIOUS_MOVE = YES;
				CLANG_WARN_UNGUARDED_AVAILABILITY = YES_AGGRESSIVE;
				CLANG_WARN_UNREACHABLE_CODE = YES;
				CLANG_WARN__DUPLICATE_METHOD_MATCH = YES;
				CODE_SIGN_IDENTITY = "iPhone Developer";
				COPY_PHASE_STRIP = NO;
				DEBUG_INFORMATION_FORMAT = "dwarf-with-dsym";
				ENABLE_NS_ASSERTIONS = NO;
				ENABLE_STRICT_OBJC_MSGSEND = YES;
				GCC_C_LANGUAGE_STANDARD = gnu11;
				GCC_NO_COMMON_BLOCKS = YES;
				GCC_WARN_64_TO_32_BIT_CONVERSION = YES;
				GCC_WARN_ABOUT_RETURN_TYPE = YES_ERROR;
				GCC_WARN_UNDECLARED_SELECTOR = YES;
				GCC_WARN_UNINITIALIZED_AUTOS = YES_AGGRESSIVE;
				GCC_WARN_UNUSED_FUNCTION = YES;
				GCC_WARN_UNUSED_VARIABLE = YES;
				IPHONEOS_DEPLOYMENT_TARGET = 12.1;
				MTL_ENABLE_DEBUG_INFO = NO;
				MTL_FAST_MATH = YES;
				SDKROOT = iphoneos;
				SWIFT_COMPILATION_MODE = wholemodule;
				SWIFT_OPTIMIZATION_LEVEL = "-O";
				VALIDATE_PRODUCT = YES;
			};
			name = Release;
		};
		97EFA1CF21B073120083EE84 /* Debug */ = {
			isa = XCBuildConfiguration;
			buildSettings = {
				ASSETCATALOG_COMPILER_APPICON_NAME = AppIcon;
				CODE_SIGN_STYLE = Automatic;
				DEVELOPMENT_TEAM = 6RS7DS4QV5;
				INFOPLIST_FILE = ImageFinder/Info.plist;
				LD_RUNPATH_SEARCH_PATHS = (
					"$(inherited)",
					"@executable_path/Frameworks",
				);
				PRODUCT_BUNDLE_IDENTIFIER = it.studiout.test.ImageFinder;
				PRODUCT_NAME = "$(TARGET_NAME)";
				SWIFT_VERSION = 4.2;
				TARGETED_DEVICE_FAMILY = "1,2";
			};
			name = Debug;
		};
		97EFA1D021B073120083EE84 /* Release */ = {
			isa = XCBuildConfiguration;
			buildSettings = {
				ASSETCATALOG_COMPILER_APPICON_NAME = AppIcon;
				CODE_SIGN_STYLE = Automatic;
				DEVELOPMENT_TEAM = 6RS7DS4QV5;
				INFOPLIST_FILE = ImageFinder/Info.plist;
				LD_RUNPATH_SEARCH_PATHS = (
					"$(inherited)",
					"@executable_path/Frameworks",
				);
				PRODUCT_BUNDLE_IDENTIFIER = it.studiout.test.ImageFinder;
				PRODUCT_NAME = "$(TARGET_NAME)";
				SWIFT_VERSION = 4.2;
				TARGETED_DEVICE_FAMILY = "1,2";
			};
			name = Release;
		};
		97EFA1D221B073120083EE84 /* Debug */ = {
			isa = XCBuildConfiguration;
			buildSettings = {
				ALWAYS_EMBED_SWIFT_STANDARD_LIBRARIES = YES;
				BUNDLE_LOADER = "$(TEST_HOST)";
				CODE_SIGN_STYLE = Automatic;
				DEVELOPMENT_TEAM = 6RS7DS4QV5;
				INFOPLIST_FILE = ImageFinderTests/Info.plist;
				LD_RUNPATH_SEARCH_PATHS = (
					"$(inherited)",
					"@executable_path/Frameworks",
					"@loader_path/Frameworks",
				);
				PRODUCT_BUNDLE_IDENTIFIER = it.studiout.test.ImageFinderTests;
				PRODUCT_NAME = "$(TARGET_NAME)";
				SWIFT_VERSION = 4.2;
				TARGETED_DEVICE_FAMILY = "1,2";
				TEST_HOST = "$(BUILT_PRODUCTS_DIR)/ImageFinder.app/ImageFinder";
			};
			name = Debug;
		};
		97EFA1D321B073120083EE84 /* Release */ = {
			isa = XCBuildConfiguration;
			buildSettings = {
				ALWAYS_EMBED_SWIFT_STANDARD_LIBRARIES = YES;
				BUNDLE_LOADER = "$(TEST_HOST)";
				CODE_SIGN_STYLE = Automatic;
				DEVELOPMENT_TEAM = 6RS7DS4QV5;
				INFOPLIST_FILE = ImageFinderTests/Info.plist;
				LD_RUNPATH_SEARCH_PATHS = (
					"$(inherited)",
					"@executable_path/Frameworks",
					"@loader_path/Frameworks",
				);
				PRODUCT_BUNDLE_IDENTIFIER = it.studiout.test.ImageFinderTests;
				PRODUCT_NAME = "$(TARGET_NAME)";
				SWIFT_VERSION = 4.2;
				TARGETED_DEVICE_FAMILY = "1,2";
				TEST_HOST = "$(BUILT_PRODUCTS_DIR)/ImageFinder.app/ImageFinder";
			};
			name = Release;
		};
		97EFA1D521B073120083EE84 /* Debug */ = {
			isa = XCBuildConfiguration;
			buildSettings = {
				ALWAYS_EMBED_SWIFT_STANDARD_LIBRARIES = YES;
				CODE_SIGN_STYLE = Automatic;
				DEVELOPMENT_TEAM = 6RS7DS4QV5;
				INFOPLIST_FILE = ImageFinderUITests/Info.plist;
				LD_RUNPATH_SEARCH_PATHS = (
					"$(inherited)",
					"@executable_path/Frameworks",
					"@loader_path/Frameworks",
				);
				PRODUCT_BUNDLE_IDENTIFIER = it.studiout.test.ImageFinderUITests;
				PRODUCT_NAME = "$(TARGET_NAME)";
				SWIFT_VERSION = 4.2;
				TARGETED_DEVICE_FAMILY = "1,2";
				TEST_TARGET_NAME = ImageFinder;
			};
			name = Debug;
		};
		97EFA1D621B073120083EE84 /* Release */ = {
			isa = XCBuildConfiguration;
			buildSettings = {
				ALWAYS_EMBED_SWIFT_STANDARD_LIBRARIES = YES;
				CODE_SIGN_STYLE = Automatic;
				DEVELOPMENT_TEAM = 6RS7DS4QV5;
				INFOPLIST_FILE = ImageFinderUITests/Info.plist;
				LD_RUNPATH_SEARCH_PATHS = (
					"$(inherited)",
					"@executable_path/Frameworks",
					"@loader_path/Frameworks",
				);
				PRODUCT_BUNDLE_IDENTIFIER = it.studiout.test.ImageFinderUITests;
				PRODUCT_NAME = "$(TARGET_NAME)";
				SWIFT_VERSION = 4.2;
				TARGETED_DEVICE_FAMILY = "1,2";
				TEST_TARGET_NAME = ImageFinder;
			};
			name = Release;
		};
/* End XCBuildConfiguration section */

/* Begin XCConfigurationList section */
		97EFA1A121B073110083EE84 /* Build configuration list for PBXProject "ImageFinder" */ = {
			isa = XCConfigurationList;
			buildConfigurations = (
				97EFA1CC21B073120083EE84 /* Debug */,
				97EFA1CD21B073120083EE84 /* Release */,
			);
			defaultConfigurationIsVisible = 0;
			defaultConfigurationName = Release;
		};
		97EFA1CE21B073120083EE84 /* Build configuration list for PBXNativeTarget "ImageFinder" */ = {
			isa = XCConfigurationList;
			buildConfigurations = (
				97EFA1CF21B073120083EE84 /* Debug */,
				97EFA1D021B073120083EE84 /* Release */,
			);
			defaultConfigurationIsVisible = 0;
			defaultConfigurationName = Release;
		};
		97EFA1D121B073120083EE84 /* Build configuration list for PBXNativeTarget "ImageFinderTests" */ = {
			isa = XCConfigurationList;
			buildConfigurations = (
				97EFA1D221B073120083EE84 /* Debug */,
				97EFA1D321B073120083EE84 /* Release */,
			);
			defaultConfigurationIsVisible = 0;
			defaultConfigurationName = Release;
		};
		97EFA1D421B073120083EE84 /* Build configuration list for PBXNativeTarget "ImageFinderUITests" */ = {
			isa = XCConfigurationList;
			buildConfigurations = (
				97EFA1D521B073120083EE84 /* Debug */,
				97EFA1D621B073120083EE84 /* Release */,
			);
			defaultConfigurationIsVisible = 0;
			defaultConfigurationName = Release;
		};
/* End XCConfigurationList section */
	};
	rootObject = 97EFA19E21B073110083EE84 /* Project object */;
}
